
Microsoft Visual Studio Solution File, Format Version 11.00
# Visual Studio 2010
Project("{2150E333-8FDC-42A3-9474-1A3956D46DE8}") = "ServiceContracts", "ServiceContracts", "{19570575-2F42-4818-A632-193E0A78E576}"
EndProject
Project("{2150E333-8FDC-42A3-9474-1A3956D46DE8}") = "Components", "Components", "{A3884A02-01A0-4089-AA83-11B78D3C8233}"
EndProject
Project("{2150E333-8FDC-42A3-9474-1A3956D46DE8}") = "DMS", "DMS", "{842A1989-E58D-403C-BFA4-B38BC9C45E9A}"
EndProject
Project("{FAE04EC0-301F-11D3-BF4B-00C04F79EFBC}") = "NetworkModelService", "NetworkModelService.csproj", "{2630D180-1B68-4E84-AEAC-42EE8C88B50F}"
EndProject
Project("{FAE04EC0-301F-11D3-BF4B-00C04F79EFBC}") = "NetworkModelExportContract", "..\..\Common\ServiceContracts\NetworkModelExportContract\NetworkModelExportContract.csproj", "{FD2EF0DD-7DB0-41D2-8914-6DC90C1ECBA1}"
EndProject
Project("{FAE04EC0-301F-11D3-BF4B-00C04F79EFBC}") = "TestInterfaceClient", "Test\TestInterfaceClient\TestInterfaceClient.csproj", "{32EE9373-A350-42AC-972B-41B2EDABA082}"
EndProject
Project("{FAE04EC0-301F-11D3-BF4B-00C04F79EFBC}") = "NetworkModelServiceSelfHost", "ServiceHost\NetworkModelServiceSelfHost\NetworkModelServiceSelfHost.csproj", "{E112FFCC-BD88-4056-99E1-0991A0E82588}"
	ProjectSection(ProjectDependencies) = postProject
		{ECF3E546-675F-4B50-860E-276BB5CAB4C9} = {ECF3E546-675F-4B50-860E-276BB5CAB4C9}
	EndProjectSection
EndProject
Project("{FAE04EC0-301F-11D3-BF4B-00C04F79EFBC}") = "IO", "..\..\Common\Components\IO\IO.csproj", "{CE1B3FB1-A613-491D-B19A-D72C1B23DAFA}"
EndProject
Project("{FAE04EC0-301F-11D3-BF4B-00C04F79EFBC}") = "Serialization", "..\..\Common\Components\Serialization\Serialization.csproj", "{3C2D2CFD-07B4-43BB-A17A-CF741784A93D}"
EndProject
Project("{FAE04EC0-301F-11D3-BF4B-00C04F79EFBC}") = "Communication", "..\..\Common\Components\Communication\Communication.csproj", "{77E96A25-7C3C-4802-A094-5ADC20A72663}"
EndProject
Project("{FAE04EC0-301F-11D3-BF4B-00C04F79EFBC}") = "Common", "..\..\Common\DMS\Common\Common.csproj", "{892CBE15-9ED7-4540-81FA-0EAABA592138}"
EndProject
Project("{FAE04EC0-301F-11D3-BF4B-00C04F79EFBC}") = "DataModel", "DataModel\DataModel.csproj", "{ADE96497-7C11-40B6-AE82-57F956C9F104}"
EndProject
Project("{FAE04EC0-301F-11D3-BF4B-00C04F79EFBC}") = "DataModelBlock", "DataModelBlock\DataModelBlock.csproj", "{F49E6B99-3B86-4B09-8FC9-204695B72287}"
EndProject
Project("{FAE04EC0-301F-11D3-BF4B-00C04F79EFBC}") = "Validation", "Validation\Validation.csproj", "{BB23FE03-2218-4173-92E0-4F516CAECBEA}"
EndProject
Project("{FAE04EC0-301F-11D3-BF4B-00C04F79EFBC}") = "DMSLogger", "..\..\Common\Components\DMSLogger\DMSLogger.csproj", "{CD002057-9CD5-4318-B355-B01901F6E801}"
EndProject
Project("{FAE04EC0-301F-11D3-BF4B-00C04F79EFBC}") = "ModelServiceCommon", "Common\ModelServiceCommon.csproj", "{892CBE15-9ED7-4540-81FA-0EAABA592139}"
EndProject
Project("{FAE04EC0-301F-11D3-BF4B-00C04F79EFBC}") = "NetworkModelContract", "..\..\Common\ServiceContracts\NetworkModelContract\NetworkModelContract.csproj", "{37FC8F36-24C1-4383-BAC2-8C32B31E158D}"
EndProject
Project("{FAE04EC0-301F-11D3-BF4B-00C04F79EFBC}") = "Utils", "..\..\Common\Components\Utils\Utils.csproj", "{FB667272-0E42-432D-BC68-4CEE800063AE}"
EndProject
Project("{FAE04EC0-301F-11D3-BF4B-00C04F79EFBC}") = "Math", "..\..\Common\Components\Math\Math.csproj", "{930F8C6C-4D71-41E8-B069-5C28A9A3AD1B}"
EndProject
Project("{FAE04EC0-301F-11D3-BF4B-00C04F79EFBC}") = "NetworkModelManagementContract", "..\..\Common\ServiceContracts\NetworkModelManagementContract\NetworkModelManagementContract.csproj", "{1533DE44-7513-4931-BBC8-912359DDFFB8}"
EndProject
Project("{FAE04EC0-301F-11D3-BF4B-00C04F79EFBC}") = "ModelManagerUpdateContract", "..\..\Common\ServiceContracts\ModelManagerUpdateContract\ModelManagerUpdateContract.csproj", "{DDA5335C-7B64-459A-96DB-914FEF9A5613}"
EndProject
Project("{FAE04EC0-301F-11D3-BF4B-00C04F79EFBC}") = "ModelVersioningContract", "..\..\Common\ServiceContracts\ModelVersioningContract\ModelVersioningContract.csproj", "{F6A34347-F9DE-4D5D-A5EE-A5F00C265E4D}"
EndProject
Project("{FAE04EC0-301F-11D3-BF4B-00C04F79EFBC}") = "NetworkModelQueryContract", "..\..\Common\ServiceContracts\NetworkModelQueryContract\NetworkModelQueryContract.csproj", "{B726FB71-D295-41EE-9644-B2B0B1BC8911}"
EndProject
Project("{FAE04EC0-301F-11D3-BF4B-00C04F79EFBC}") = "GraphicsModelProxy", "..\..\Common\DMS\Graphics\GraphicsModelProxy\GraphicsModelProxy.csproj", "{794B8E17-068E-4006-B9A3-CA73F31355F1}"
EndProject
Project("{FAE04EC0-301F-11D3-BF4B-00C04F79EFBC}") = "Containers", "..\..\Common\Components\Containers\Containers.csproj", "{ECF3E546-675F-4B50-860E-276BB5CAB4C9}"
EndProject
Project("{FAE04EC0-301F-11D3-BF4B-00C04F79EFBC}") = "NetworkModelAttributeAccessContract", "..\..\Common\ServiceContracts\NetworkModelAttributeAccessContract\NetworkModelAttributeAccessContract.csproj", "{8D61E0B3-91CD-4E11-A508-0359CE26272F}"
EndProject
Project("{FAE04EC0-301F-11D3-BF4B-00C04F79EFBC}") = "GDAQueryContract", "..\..\Common\ServiceContracts\GDAProxyContract\GDAQueryContract.csproj", "{83E73595-BD89-411C-8DB4-483741080157}"
EndProject
Project("{FAE04EC0-301F-11D3-BF4B-00C04F79EFBC}") = "HealthMonitoring", "..\..\Common\Components\HealthMonitoring\HealthMonitoring.csproj", "{B1CA2978-7141-41F4-987E-B8DED5E47097}"
EndProject
Project("{FAE04EC0-301F-11D3-BF4B-00C04F79EFBC}") = "StartupShutdownManagement", "..\..\Common\Components\StartupShutdownManagement\StartupShutdownManagement.csproj", "{BC38125E-42D5-4AB3-BDAE-394298E2DAF1}"
EndProject
Project("{FAE04EC0-301F-11D3-BF4B-00C04F79EFBC}") = "TransactionCallbackContract", "..\..\Common\ServiceContracts\TransactionCallbackContract\TransactionCallbackContract.csproj", "{D849116E-FBF1-4E04-AF6E-563475DCF13E}"
EndProject
Project("{FAE04EC0-301F-11D3-BF4B-00C04F79EFBC}") = "Threading", "..\..\Common\Components\Threading\Threading.csproj", "{A75A255A-82A0-489C-9793-C22293307C5E}"
EndProject
Project("{FAE04EC0-301F-11D3-BF4B-00C04F79EFBC}") = "PubSub", "..\..\Common\Components\Communication\PubSub\PubSub.csproj", "{A5561101-82FF-4CAF-BDCF-F7CB484F0D88}"
EndProject
Project("{FAE04EC0-301F-11D3-BF4B-00C04F79EFBC}") = "ItemCommon", "..\..\Common\DMS\ItemCommon\ItemCommon.csproj", "{49C06ADE-B629-4A02-A01E-4091A9D0492D}"
EndProject
Project("{FAE04EC0-301F-11D3-BF4B-00C04F79EFBC}") = "Security", "..\..\Common\Components\Security\Security.csproj", "{F5FBF2C0-40AE-4248-B084-34E7A07BE79F}"
EndProject
Project("{FAE04EC0-301F-11D3-BF4B-00C04F79EFBC}") = "NetworkModelAORContract", "..\..\Common\ServiceContracts\NetworkModelAORContract\NetworkModelAORContract.csproj", "{AE41CDC3-A88B-426F-BD02-5661CE24BF89}"
EndProject
Project("{FAE04EC0-301F-11D3-BF4B-00C04F79EFBC}") = "NetworkModelDTO", "..\..\Common\DMS\Models\NetworkModelDTO\NetworkModelDTO.csproj", "{FF72DA99-5F8E-46B6-82A3-E917B240347D}"
EndProject
Project("{FAE04EC0-301F-11D3-BF4B-00C04F79EFBC}") = "CentralModelRepositoryManager", "..\..\Common\DMS\CentralModelRepositoryManager\CentralModelRepositoryManager.csproj", "{98EF3A0B-F745-460F-8B9D-87EFC2DD0B34}"
EndProject
Project("{FAE04EC0-301F-11D3-BF4B-00C04F79EFBC}") = "ModelManagerSavecaseAndPlaybackContract", "..\..\Common\ServiceContracts\ModelManagerSavecaseAndPlaybackContract\ModelManagerSavecaseAndPlaybackContract.csproj", "{978AAFD6-5C49-4D7A-9DAE-543E921E470E}"
EndProject
Project("{FAE04EC0-301F-11D3-BF4B-00C04F79EFBC}") = "ModelManagerAORSynchronizationContract", "..\..\Common\ServiceContracts\ModelManagerAORSynchronizationContract\ModelManagerAORSynchronizationContract.csproj", "{68EBB1DC-71ED-4891-9EAC-93D26116E073}"
EndProject
Project("{2150E333-8FDC-42A3-9474-1A3956D46DE8}") = "Test", "Test", "{DD837AD7-3DE5-4E49-9924-3D73590CCCF3}"
EndProject
Project("{FAE04EC0-301F-11D3-BF4B-00C04F79EFBC}") = "PersistentStoreLibrary", "..\..\Common\DMS\PersistentStoreLibrary\PersistentStoreLibrary.csproj", "{A6C50429-BA33-406D-B251-110BCBF5ED6F}"
EndProject
Project("{FAE04EC0-301F-11D3-BF4B-00C04F79EFBC}") = "Config", "..\..\Common\Components\Security\Config\Config.csproj", "{1A1EABB2-E40F-44ED-90DF-96CA0BAF17F6}"
EndProject
Project("{FAE04EC0-301F-11D3-BF4B-00C04F79EFBC}") = "NetworkModelCustomQueryContract", "..\..\Common\ServiceContracts\NetworkModelCustomQueryContract\NetworkModelCustomQueryContract.csproj", "{FAFE4488-9ABA-4EE3-B4CE-7C7292155E98}"
EndProject
Project("{FAE04EC0-301F-11D3-BF4B-00C04F79EFBC}") = "ContextCoordinatorContract", "..\..\Common\ServiceContracts\ContextCoordinatorContract\ContextCoordinatorContract.csproj", "{A2AB4C57-1D67-4DE9-80C9-03486EEBC7C0}"
EndProject
Project("{FAE04EC0-301F-11D3-BF4B-00C04F79EFBC}") = "ChangesetManagementContract", "..\..\Common\ServiceContracts\ChangesetManagementContract\ChangesetManagementContract.csproj", "{6A5D57F6-261E-40FD-9F7A-54AC0E7009F4}"
EndProject
Project("{FAE04EC0-301F-11D3-BF4B-00C04F79EFBC}") = "ContextModel", "..\..\Common\DMS\Models\ContextModel\ContextModel.csproj", "{CD5C8A46-3B13-4E68-8885-774398D3DE90}"
EndProject
Project("{FAE04EC0-301F-11D3-BF4B-00C04F79EFBC}") = "ModelManagerContextsContract", "..\..\Common\ServiceContracts\ModelManagerContextsContract\ModelManagerContextsContract.csproj", "{3F189EF6-7F5A-4DA3-AE1F-4634CBFC5ED9}"
EndProject
Project("{FAE04EC0-301F-11D3-BF4B-00C04F79EFBC}") = "NetworkModelContextsContract", "..\..\Common\ServiceContracts\NetworkModelContextsContract\NetworkModelContextsContract.csproj", "{3DCB5452-3336-458D-A84E-1FB8AEB76EBF}"
EndProject
Global
	GlobalSection(SolutionConfigurationPlatforms) = preSolution
		Debug|x64 = Debug|x64
		Debug|x86 = Debug|x86
		Release|x64 = Release|x64
		Release|x86 = Release|x86
		Win7 Debug|x64 = Win7 Debug|x64
		Win7 Debug|x86 = Win7 Debug|x86
		Win7 Release|x64 = Win7 Release|x64
		Win7 Release|x86 = Win7 Release|x86
	EndGlobalSection
	GlobalSection(ProjectConfigurationPlatforms) = postSolution
		{2630D180-1B68-4E84-AEAC-42EE8C88B50F}.Debug|x64.ActiveCfg = Debug|x64
		{2630D180-1B68-4E84-AEAC-42EE8C88B50F}.Debug|x64.Build.0 = Debug|x64
		{2630D180-1B68-4E84-AEAC-42EE8C88B50F}.Debug|x86.ActiveCfg = Debug|x86
		{2630D180-1B68-4E84-AEAC-42EE8C88B50F}.Debug|x86.Build.0 = Debug|x86
		{2630D180-1B68-4E84-AEAC-42EE8C88B50F}.Release|x64.ActiveCfg = Release|x64
		{2630D180-1B68-4E84-AEAC-42EE8C88B50F}.Release|x64.Build.0 = Release|x64
		{2630D180-1B68-4E84-AEAC-42EE8C88B50F}.Release|x86.ActiveCfg = Release|x86
		{2630D180-1B68-4E84-AEAC-42EE8C88B50F}.Release|x86.Build.0 = Release|x86
		{2630D180-1B68-4E84-AEAC-42EE8C88B50F}.Win7 Debug|x64.ActiveCfg = Debug|x64
		{2630D180-1B68-4E84-AEAC-42EE8C88B50F}.Win7 Debug|x64.Build.0 = Debug|x64
		{2630D180-1B68-4E84-AEAC-42EE8C88B50F}.Win7 Debug|x86.ActiveCfg = Debug|x86
		{2630D180-1B68-4E84-AEAC-42EE8C88B50F}.Win7 Debug|x86.Build.0 = Debug|x86
		{2630D180-1B68-4E84-AEAC-42EE8C88B50F}.Win7 Release|x64.ActiveCfg = Release|x64
		{2630D180-1B68-4E84-AEAC-42EE8C88B50F}.Win7 Release|x64.Build.0 = Release|x64
		{2630D180-1B68-4E84-AEAC-42EE8C88B50F}.Win7 Release|x86.ActiveCfg = Release|x86
		{2630D180-1B68-4E84-AEAC-42EE8C88B50F}.Win7 Release|x86.Build.0 = Release|x86
		{FD2EF0DD-7DB0-41D2-8914-6DC90C1ECBA1}.Debug|x64.ActiveCfg = Debug|x64
		{FD2EF0DD-7DB0-41D2-8914-6DC90C1ECBA1}.Debug|x64.Build.0 = Debug|x64
		{FD2EF0DD-7DB0-41D2-8914-6DC90C1ECBA1}.Debug|x86.ActiveCfg = Debug|x86
		{FD2EF0DD-7DB0-41D2-8914-6DC90C1ECBA1}.Debug|x86.Build.0 = Debug|x86
		{FD2EF0DD-7DB0-41D2-8914-6DC90C1ECBA1}.Release|x64.ActiveCfg = Release|x64
		{FD2EF0DD-7DB0-41D2-8914-6DC90C1ECBA1}.Release|x64.Build.0 = Release|x64
		{FD2EF0DD-7DB0-41D2-8914-6DC90C1ECBA1}.Release|x86.ActiveCfg = Release|x86
		{FD2EF0DD-7DB0-41D2-8914-6DC90C1ECBA1}.Release|x86.Build.0 = Release|x86
		{FD2EF0DD-7DB0-41D2-8914-6DC90C1ECBA1}.Win7 Debug|x64.ActiveCfg = Debug|x64
		{FD2EF0DD-7DB0-41D2-8914-6DC90C1ECBA1}.Win7 Debug|x64.Build.0 = Debug|x64
		{FD2EF0DD-7DB0-41D2-8914-6DC90C1ECBA1}.Win7 Debug|x86.ActiveCfg = Debug|x86
		{FD2EF0DD-7DB0-41D2-8914-6DC90C1ECBA1}.Win7 Debug|x86.Build.0 = Debug|x86
		{FD2EF0DD-7DB0-41D2-8914-6DC90C1ECBA1}.Win7 Release|x64.ActiveCfg = Release|x64
		{FD2EF0DD-7DB0-41D2-8914-6DC90C1ECBA1}.Win7 Release|x64.Build.0 = Release|x64
		{FD2EF0DD-7DB0-41D2-8914-6DC90C1ECBA1}.Win7 Release|x86.ActiveCfg = Release|x86
		{FD2EF0DD-7DB0-41D2-8914-6DC90C1ECBA1}.Win7 Release|x86.Build.0 = Release|x86
		{32EE9373-A350-42AC-972B-41B2EDABA082}.Debug|x64.ActiveCfg = Debug|x64
		{32EE9373-A350-42AC-972B-41B2EDABA082}.Debug|x64.Build.0 = Debug|x64
		{32EE9373-A350-42AC-972B-41B2EDABA082}.Debug|x86.ActiveCfg = Debug|x86
		{32EE9373-A350-42AC-972B-41B2EDABA082}.Debug|x86.Build.0 = Debug|x86
		{32EE9373-A350-42AC-972B-41B2EDABA082}.Release|x64.ActiveCfg = Release|x64
		{32EE9373-A350-42AC-972B-41B2EDABA082}.Release|x64.Build.0 = Release|x64
		{32EE9373-A350-42AC-972B-41B2EDABA082}.Release|x86.ActiveCfg = Release|x86
		{32EE9373-A350-42AC-972B-41B2EDABA082}.Release|x86.Build.0 = Release|x86
		{32EE9373-A350-42AC-972B-41B2EDABA082}.Win7 Debug|x64.ActiveCfg = Debug|x64
		{32EE9373-A350-42AC-972B-41B2EDABA082}.Win7 Debug|x64.Build.0 = Debug|x64
		{32EE9373-A350-42AC-972B-41B2EDABA082}.Win7 Debug|x86.ActiveCfg = Debug|x86
		{32EE9373-A350-42AC-972B-41B2EDABA082}.Win7 Debug|x86.Build.0 = Debug|x86
		{32EE9373-A350-42AC-972B-41B2EDABA082}.Win7 Release|x64.ActiveCfg = Release|x64
		{32EE9373-A350-42AC-972B-41B2EDABA082}.Win7 Release|x64.Build.0 = Release|x64
		{32EE9373-A350-42AC-972B-41B2EDABA082}.Win7 Release|x86.ActiveCfg = Release|x86
		{32EE9373-A350-42AC-972B-41B2EDABA082}.Win7 Release|x86.Build.0 = Release|x86
		{E112FFCC-BD88-4056-99E1-0991A0E82588}.Debug|x64.ActiveCfg = Debug|x64
		{E112FFCC-BD88-4056-99E1-0991A0E82588}.Debug|x64.Build.0 = Debug|x64
		{E112FFCC-BD88-4056-99E1-0991A0E82588}.Debug|x86.ActiveCfg = Debug|x86
		{E112FFCC-BD88-4056-99E1-0991A0E82588}.Debug|x86.Build.0 = Debug|x86
		{E112FFCC-BD88-4056-99E1-0991A0E82588}.Release|x64.ActiveCfg = Release|x64
		{E112FFCC-BD88-4056-99E1-0991A0E82588}.Release|x64.Build.0 = Release|x64
		{E112FFCC-BD88-4056-99E1-0991A0E82588}.Release|x86.ActiveCfg = Release|x86
		{E112FFCC-BD88-4056-99E1-0991A0E82588}.Release|x86.Build.0 = Release|x86
		{E112FFCC-BD88-4056-99E1-0991A0E82588}.Win7 Debug|x64.ActiveCfg = Debug|x64
		{E112FFCC-BD88-4056-99E1-0991A0E82588}.Win7 Debug|x64.Build.0 = Debug|x64
		{E112FFCC-BD88-4056-99E1-0991A0E82588}.Win7 Debug|x86.ActiveCfg = Debug|x86
		{E112FFCC-BD88-4056-99E1-0991A0E82588}.Win7 Debug|x86.Build.0 = Debug|x86
		{E112FFCC-BD88-4056-99E1-0991A0E82588}.Win7 Release|x64.ActiveCfg = Release|x64
		{E112FFCC-BD88-4056-99E1-0991A0E82588}.Win7 Release|x64.Build.0 = Release|x64
		{E112FFCC-BD88-4056-99E1-0991A0E82588}.Win7 Release|x86.ActiveCfg = Release|x86
		{E112FFCC-BD88-4056-99E1-0991A0E82588}.Win7 Release|x86.Build.0 = Release|x86
		{CE1B3FB1-A613-491D-B19A-D72C1B23DAFA}.Debug|x64.ActiveCfg = Debug|x64
		{CE1B3FB1-A613-491D-B19A-D72C1B23DAFA}.Debug|x64.Build.0 = Debug|x64
		{CE1B3FB1-A613-491D-B19A-D72C1B23DAFA}.Debug|x86.ActiveCfg = Debug|x86
		{CE1B3FB1-A613-491D-B19A-D72C1B23DAFA}.Debug|x86.Build.0 = Debug|x86
		{CE1B3FB1-A613-491D-B19A-D72C1B23DAFA}.Release|x64.ActiveCfg = Release|x64
		{CE1B3FB1-A613-491D-B19A-D72C1B23DAFA}.Release|x64.Build.0 = Release|x64
		{CE1B3FB1-A613-491D-B19A-D72C1B23DAFA}.Release|x86.ActiveCfg = Release|x86
		{CE1B3FB1-A613-491D-B19A-D72C1B23DAFA}.Release|x86.Build.0 = Release|x86
		{CE1B3FB1-A613-491D-B19A-D72C1B23DAFA}.Win7 Debug|x64.ActiveCfg = Debug|x64
		{CE1B3FB1-A613-491D-B19A-D72C1B23DAFA}.Win7 Debug|x64.Build.0 = Debug|x64
		{CE1B3FB1-A613-491D-B19A-D72C1B23DAFA}.Win7 Debug|x86.ActiveCfg = Debug|x86
		{CE1B3FB1-A613-491D-B19A-D72C1B23DAFA}.Win7 Debug|x86.Build.0 = Debug|x86
		{CE1B3FB1-A613-491D-B19A-D72C1B23DAFA}.Win7 Release|x64.ActiveCfg = Release|x64
		{CE1B3FB1-A613-491D-B19A-D72C1B23DAFA}.Win7 Release|x64.Build.0 = Release|x64
		{CE1B3FB1-A613-491D-B19A-D72C1B23DAFA}.Win7 Release|x86.ActiveCfg = Release|x86
		{CE1B3FB1-A613-491D-B19A-D72C1B23DAFA}.Win7 Release|x86.Build.0 = Release|x86
		{3C2D2CFD-07B4-43BB-A17A-CF741784A93D}.Debug|x64.ActiveCfg = Debug|x64
		{3C2D2CFD-07B4-43BB-A17A-CF741784A93D}.Debug|x64.Build.0 = Debug|x64
		{3C2D2CFD-07B4-43BB-A17A-CF741784A93D}.Debug|x86.ActiveCfg = Debug|x86
		{3C2D2CFD-07B4-43BB-A17A-CF741784A93D}.Debug|x86.Build.0 = Debug|x86
		{3C2D2CFD-07B4-43BB-A17A-CF741784A93D}.Release|x64.ActiveCfg = Release|x64
		{3C2D2CFD-07B4-43BB-A17A-CF741784A93D}.Release|x64.Build.0 = Release|x64
		{3C2D2CFD-07B4-43BB-A17A-CF741784A93D}.Release|x86.ActiveCfg = Release|x86
		{3C2D2CFD-07B4-43BB-A17A-CF741784A93D}.Release|x86.Build.0 = Release|x86
		{3C2D2CFD-07B4-43BB-A17A-CF741784A93D}.Win7 Debug|x64.ActiveCfg = Debug|x64
		{3C2D2CFD-07B4-43BB-A17A-CF741784A93D}.Win7 Debug|x64.Build.0 = Debug|x64
		{3C2D2CFD-07B4-43BB-A17A-CF741784A93D}.Win7 Debug|x86.ActiveCfg = Debug|x86
		{3C2D2CFD-07B4-43BB-A17A-CF741784A93D}.Win7 Debug|x86.Build.0 = Debug|x86
		{3C2D2CFD-07B4-43BB-A17A-CF741784A93D}.Win7 Release|x64.ActiveCfg = Release|x64
		{3C2D2CFD-07B4-43BB-A17A-CF741784A93D}.Win7 Release|x64.Build.0 = Release|x64
		{3C2D2CFD-07B4-43BB-A17A-CF741784A93D}.Win7 Release|x86.ActiveCfg = Release|x86
		{3C2D2CFD-07B4-43BB-A17A-CF741784A93D}.Win7 Release|x86.Build.0 = Release|x86
		{77E96A25-7C3C-4802-A094-5ADC20A72663}.Debug|x64.ActiveCfg = Debug|x64
		{77E96A25-7C3C-4802-A094-5ADC20A72663}.Debug|x64.Build.0 = Debug|x64
		{77E96A25-7C3C-4802-A094-5ADC20A72663}.Debug|x86.ActiveCfg = Debug|x86
		{77E96A25-7C3C-4802-A094-5ADC20A72663}.Debug|x86.Build.0 = Debug|x86
		{77E96A25-7C3C-4802-A094-5ADC20A72663}.Release|x64.ActiveCfg = Release|x64
		{77E96A25-7C3C-4802-A094-5ADC20A72663}.Release|x64.Build.0 = Release|x64
		{77E96A25-7C3C-4802-A094-5ADC20A72663}.Release|x86.ActiveCfg = Release|x86
		{77E96A25-7C3C-4802-A094-5ADC20A72663}.Release|x86.Build.0 = Release|x86
		{77E96A25-7C3C-4802-A094-5ADC20A72663}.Win7 Debug|x64.ActiveCfg = Debug|x64
		{77E96A25-7C3C-4802-A094-5ADC20A72663}.Win7 Debug|x64.Build.0 = Debug|x64
		{77E96A25-7C3C-4802-A094-5ADC20A72663}.Win7 Debug|x86.ActiveCfg = Debug|x86
		{77E96A25-7C3C-4802-A094-5ADC20A72663}.Win7 Debug|x86.Build.0 = Debug|x86
		{77E96A25-7C3C-4802-A094-5ADC20A72663}.Win7 Release|x64.ActiveCfg = Release|x64
		{77E96A25-7C3C-4802-A094-5ADC20A72663}.Win7 Release|x64.Build.0 = Release|x64
		{77E96A25-7C3C-4802-A094-5ADC20A72663}.Win7 Release|x86.ActiveCfg = Release|x86
		{77E96A25-7C3C-4802-A094-5ADC20A72663}.Win7 Release|x86.Build.0 = Release|x86
		{892CBE15-9ED7-4540-81FA-0EAABA592138}.Debug|x64.ActiveCfg = Debug|x64
		{892CBE15-9ED7-4540-81FA-0EAABA592138}.Debug|x64.Build.0 = Debug|x64
		{892CBE15-9ED7-4540-81FA-0EAABA592138}.Debug|x86.ActiveCfg = Debug|x86
		{892CBE15-9ED7-4540-81FA-0EAABA592138}.Debug|x86.Build.0 = Debug|x86
		{892CBE15-9ED7-4540-81FA-0EAABA592138}.Release|x64.ActiveCfg = Release|x64
		{892CBE15-9ED7-4540-81FA-0EAABA592138}.Release|x64.Build.0 = Release|x64
		{892CBE15-9ED7-4540-81FA-0EAABA592138}.Release|x86.ActiveCfg = Release|x86
		{892CBE15-9ED7-4540-81FA-0EAABA592138}.Release|x86.Build.0 = Release|x86
		{892CBE15-9ED7-4540-81FA-0EAABA592138}.Win7 Debug|x64.ActiveCfg = Debug|x64
		{892CBE15-9ED7-4540-81FA-0EAABA592138}.Win7 Debug|x64.Build.0 = Debug|x64
		{892CBE15-9ED7-4540-81FA-0EAABA592138}.Win7 Debug|x86.ActiveCfg = Debug|x86
		{892CBE15-9ED7-4540-81FA-0EAABA592138}.Win7 Debug|x86.Build.0 = Debug|x86
		{892CBE15-9ED7-4540-81FA-0EAABA592138}.Win7 Release|x64.ActiveCfg = Release|x64
		{892CBE15-9ED7-4540-81FA-0EAABA592138}.Win7 Release|x64.Build.0 = Release|x64
		{892CBE15-9ED7-4540-81FA-0EAABA592138}.Win7 Release|x86.ActiveCfg = Release|x86
		{892CBE15-9ED7-4540-81FA-0EAABA592138}.Win7 Release|x86.Build.0 = Release|x86
		{ADE96497-7C11-40B6-AE82-57F956C9F104}.Debug|x64.ActiveCfg = Debug|x64
		{ADE96497-7C11-40B6-AE82-57F956C9F104}.Debug|x64.Build.0 = Debug|x64
		{ADE96497-7C11-40B6-AE82-57F956C9F104}.Debug|x86.ActiveCfg = Debug|x86
		{ADE96497-7C11-40B6-AE82-57F956C9F104}.Debug|x86.Build.0 = Debug|x86
		{ADE96497-7C11-40B6-AE82-57F956C9F104}.Release|x64.ActiveCfg = Release|x64
		{ADE96497-7C11-40B6-AE82-57F956C9F104}.Release|x64.Build.0 = Release|x64
		{ADE96497-7C11-40B6-AE82-57F956C9F104}.Release|x86.ActiveCfg = Release|x86
		{ADE96497-7C11-40B6-AE82-57F956C9F104}.Release|x86.Build.0 = Release|x86
		{ADE96497-7C11-40B6-AE82-57F956C9F104}.Win7 Debug|x64.ActiveCfg = Debug|x64
		{ADE96497-7C11-40B6-AE82-57F956C9F104}.Win7 Debug|x64.Build.0 = Debug|x64
		{ADE96497-7C11-40B6-AE82-57F956C9F104}.Win7 Debug|x86.ActiveCfg = Debug|x86
		{ADE96497-7C11-40B6-AE82-57F956C9F104}.Win7 Debug|x86.Build.0 = Debug|x86
		{ADE96497-7C11-40B6-AE82-57F956C9F104}.Win7 Release|x64.ActiveCfg = Release|x64
		{ADE96497-7C11-40B6-AE82-57F956C9F104}.Win7 Release|x64.Build.0 = Release|x64
		{ADE96497-7C11-40B6-AE82-57F956C9F104}.Win7 Release|x86.ActiveCfg = Release|x86
		{ADE96497-7C11-40B6-AE82-57F956C9F104}.Win7 Release|x86.Build.0 = Release|x86
		{F49E6B99-3B86-4B09-8FC9-204695B72287}.Debug|x64.ActiveCfg = Debug|x64
		{F49E6B99-3B86-4B09-8FC9-204695B72287}.Debug|x64.Build.0 = Debug|x64
		{F49E6B99-3B86-4B09-8FC9-204695B72287}.Debug|x86.ActiveCfg = Debug|x86
		{F49E6B99-3B86-4B09-8FC9-204695B72287}.Debug|x86.Build.0 = Debug|x86
		{F49E6B99-3B86-4B09-8FC9-204695B72287}.Release|x64.ActiveCfg = Release|x64
		{F49E6B99-3B86-4B09-8FC9-204695B72287}.Release|x64.Build.0 = Release|x64
		{F49E6B99-3B86-4B09-8FC9-204695B72287}.Release|x86.ActiveCfg = Release|x86
		{F49E6B99-3B86-4B09-8FC9-204695B72287}.Release|x86.Build.0 = Release|x86
		{F49E6B99-3B86-4B09-8FC9-204695B72287}.Win7 Debug|x64.ActiveCfg = Debug|x64
		{F49E6B99-3B86-4B09-8FC9-204695B72287}.Win7 Debug|x64.Build.0 = Debug|x64
		{F49E6B99-3B86-4B09-8FC9-204695B72287}.Win7 Debug|x86.ActiveCfg = Debug|x86
		{F49E6B99-3B86-4B09-8FC9-204695B72287}.Win7 Debug|x86.Build.0 = Debug|x86
		{F49E6B99-3B86-4B09-8FC9-204695B72287}.Win7 Release|x64.ActiveCfg = Release|x64
		{F49E6B99-3B86-4B09-8FC9-204695B72287}.Win7 Release|x64.Build.0 = Release|x64
		{F49E6B99-3B86-4B09-8FC9-204695B72287}.Win7 Release|x86.ActiveCfg = Release|x86
		{F49E6B99-3B86-4B09-8FC9-204695B72287}.Win7 Release|x86.Build.0 = Release|x86
		{BB23FE03-2218-4173-92E0-4F516CAECBEA}.Debug|x64.ActiveCfg = Debug|x64
		{BB23FE03-2218-4173-92E0-4F516CAECBEA}.Debug|x64.Build.0 = Debug|x64
		{BB23FE03-2218-4173-92E0-4F516CAECBEA}.Debug|x86.ActiveCfg = Debug|x86
		{BB23FE03-2218-4173-92E0-4F516CAECBEA}.Debug|x86.Build.0 = Debug|x86
		{BB23FE03-2218-4173-92E0-4F516CAECBEA}.Release|x64.ActiveCfg = Release|x64
		{BB23FE03-2218-4173-92E0-4F516CAECBEA}.Release|x64.Build.0 = Release|x64
		{BB23FE03-2218-4173-92E0-4F516CAECBEA}.Release|x86.ActiveCfg = Release|x86
		{BB23FE03-2218-4173-92E0-4F516CAECBEA}.Release|x86.Build.0 = Release|x86
		{BB23FE03-2218-4173-92E0-4F516CAECBEA}.Win7 Debug|x64.ActiveCfg = Debug|x64
		{BB23FE03-2218-4173-92E0-4F516CAECBEA}.Win7 Debug|x64.Build.0 = Debug|x64
		{BB23FE03-2218-4173-92E0-4F516CAECBEA}.Win7 Debug|x86.ActiveCfg = Debug|x86
		{BB23FE03-2218-4173-92E0-4F516CAECBEA}.Win7 Debug|x86.Build.0 = Debug|x86
		{BB23FE03-2218-4173-92E0-4F516CAECBEA}.Win7 Release|x64.ActiveCfg = Release|x64
		{BB23FE03-2218-4173-92E0-4F516CAECBEA}.Win7 Release|x64.Build.0 = Release|x64
		{BB23FE03-2218-4173-92E0-4F516CAECBEA}.Win7 Release|x86.ActiveCfg = Release|x86
		{BB23FE03-2218-4173-92E0-4F516CAECBEA}.Win7 Release|x86.Build.0 = Release|x86
		{CD002057-9CD5-4318-B355-B01901F6E801}.Debug|x64.ActiveCfg = Debug|x64
		{CD002057-9CD5-4318-B355-B01901F6E801}.Debug|x64.Build.0 = Debug|x64
		{CD002057-9CD5-4318-B355-B01901F6E801}.Debug|x86.ActiveCfg = Debug|x86
		{CD002057-9CD5-4318-B355-B01901F6E801}.Debug|x86.Build.0 = Debug|x86
		{CD002057-9CD5-4318-B355-B01901F6E801}.Release|x64.ActiveCfg = Release|x64
		{CD002057-9CD5-4318-B355-B01901F6E801}.Release|x64.Build.0 = Release|x64
		{CD002057-9CD5-4318-B355-B01901F6E801}.Release|x86.ActiveCfg = Release|x86
		{CD002057-9CD5-4318-B355-B01901F6E801}.Release|x86.Build.0 = Release|x86
		{CD002057-9CD5-4318-B355-B01901F6E801}.Win7 Debug|x64.ActiveCfg = Debug|x64
		{CD002057-9CD5-4318-B355-B01901F6E801}.Win7 Debug|x64.Build.0 = Debug|x64
		{CD002057-9CD5-4318-B355-B01901F6E801}.Win7 Debug|x86.ActiveCfg = Debug|x86
		{CD002057-9CD5-4318-B355-B01901F6E801}.Win7 Debug|x86.Build.0 = Debug|x86
		{CD002057-9CD5-4318-B355-B01901F6E801}.Win7 Release|x64.ActiveCfg = Release|x64
		{CD002057-9CD5-4318-B355-B01901F6E801}.Win7 Release|x64.Build.0 = Release|x64
		{CD002057-9CD5-4318-B355-B01901F6E801}.Win7 Release|x86.ActiveCfg = Release|x86
		{CD002057-9CD5-4318-B355-B01901F6E801}.Win7 Release|x86.Build.0 = Release|x86
		{892CBE15-9ED7-4540-81FA-0EAABA592139}.Debug|x64.ActiveCfg = Debug|x64
		{892CBE15-9ED7-4540-81FA-0EAABA592139}.Debug|x64.Build.0 = Debug|x64
		{892CBE15-9ED7-4540-81FA-0EAABA592139}.Debug|x86.ActiveCfg = Debug|x86
		{892CBE15-9ED7-4540-81FA-0EAABA592139}.Debug|x86.Build.0 = Debug|x86
		{892CBE15-9ED7-4540-81FA-0EAABA592139}.Release|x64.ActiveCfg = Release|x64
		{892CBE15-9ED7-4540-81FA-0EAABA592139}.Release|x64.Build.0 = Release|x64
		{892CBE15-9ED7-4540-81FA-0EAABA592139}.Release|x86.ActiveCfg = Release|x86
		{892CBE15-9ED7-4540-81FA-0EAABA592139}.Release|x86.Build.0 = Release|x86
		{892CBE15-9ED7-4540-81FA-0EAABA592139}.Win7 Debug|x64.ActiveCfg = Debug|x64
		{892CBE15-9ED7-4540-81FA-0EAABA592139}.Win7 Debug|x64.Build.0 = Debug|x64
		{892CBE15-9ED7-4540-81FA-0EAABA592139}.Win7 Debug|x86.ActiveCfg = Debug|x86
		{892CBE15-9ED7-4540-81FA-0EAABA592139}.Win7 Debug|x86.Build.0 = Debug|x86
		{892CBE15-9ED7-4540-81FA-0EAABA592139}.Win7 Release|x64.ActiveCfg = Release|x64
		{892CBE15-9ED7-4540-81FA-0EAABA592139}.Win7 Release|x64.Build.0 = Release|x64
		{892CBE15-9ED7-4540-81FA-0EAABA592139}.Win7 Release|x86.ActiveCfg = Release|x86
		{892CBE15-9ED7-4540-81FA-0EAABA592139}.Win7 Release|x86.Build.0 = Release|x86
		{37FC8F36-24C1-4383-BAC2-8C32B31E158D}.Debug|x64.ActiveCfg = Debug|x64
		{37FC8F36-24C1-4383-BAC2-8C32B31E158D}.Debug|x64.Build.0 = Debug|x64
		{37FC8F36-24C1-4383-BAC2-8C32B31E158D}.Debug|x86.ActiveCfg = Debug|x86
		{37FC8F36-24C1-4383-BAC2-8C32B31E158D}.Debug|x86.Build.0 = Debug|x86
		{37FC8F36-24C1-4383-BAC2-8C32B31E158D}.Release|x64.ActiveCfg = Release|x64
		{37FC8F36-24C1-4383-BAC2-8C32B31E158D}.Release|x64.Build.0 = Release|x64
		{37FC8F36-24C1-4383-BAC2-8C32B31E158D}.Release|x86.ActiveCfg = Release|x86
		{37FC8F36-24C1-4383-BAC2-8C32B31E158D}.Release|x86.Build.0 = Release|x86
		{37FC8F36-24C1-4383-BAC2-8C32B31E158D}.Win7 Debug|x64.ActiveCfg = Debug|x64
		{37FC8F36-24C1-4383-BAC2-8C32B31E158D}.Win7 Debug|x64.Build.0 = Debug|x64
		{37FC8F36-24C1-4383-BAC2-8C32B31E158D}.Win7 Debug|x86.ActiveCfg = Debug|x86
		{37FC8F36-24C1-4383-BAC2-8C32B31E158D}.Win7 Debug|x86.Build.0 = Debug|x86
		{37FC8F36-24C1-4383-BAC2-8C32B31E158D}.Win7 Release|x64.ActiveCfg = Release|x64
		{37FC8F36-24C1-4383-BAC2-8C32B31E158D}.Win7 Release|x64.Build.0 = Release|x64
		{37FC8F36-24C1-4383-BAC2-8C32B31E158D}.Win7 Release|x86.ActiveCfg = Release|x86
		{37FC8F36-24C1-4383-BAC2-8C32B31E158D}.Win7 Release|x86.Build.0 = Release|x86
		{FB667272-0E42-432D-BC68-4CEE800063AE}.Debug|x64.ActiveCfg = Debug|x64
		{FB667272-0E42-432D-BC68-4CEE800063AE}.Debug|x64.Build.0 = Debug|x64
		{FB667272-0E42-432D-BC68-4CEE800063AE}.Debug|x86.ActiveCfg = Debug|x86
		{FB667272-0E42-432D-BC68-4CEE800063AE}.Debug|x86.Build.0 = Debug|x86
		{FB667272-0E42-432D-BC68-4CEE800063AE}.Release|x64.ActiveCfg = Release|x64
		{FB667272-0E42-432D-BC68-4CEE800063AE}.Release|x64.Build.0 = Release|x64
		{FB667272-0E42-432D-BC68-4CEE800063AE}.Release|x86.ActiveCfg = Release|x86
		{FB667272-0E42-432D-BC68-4CEE800063AE}.Release|x86.Build.0 = Release|x86
		{FB667272-0E42-432D-BC68-4CEE800063AE}.Win7 Debug|x64.ActiveCfg = Debug|x64
		{FB667272-0E42-432D-BC68-4CEE800063AE}.Win7 Debug|x64.Build.0 = Debug|x64
		{FB667272-0E42-432D-BC68-4CEE800063AE}.Win7 Debug|x86.ActiveCfg = Debug|x86
		{FB667272-0E42-432D-BC68-4CEE800063AE}.Win7 Debug|x86.Build.0 = Debug|x86
		{FB667272-0E42-432D-BC68-4CEE800063AE}.Win7 Release|x64.ActiveCfg = Release|x64
		{FB667272-0E42-432D-BC68-4CEE800063AE}.Win7 Release|x64.Build.0 = Release|x64
		{FB667272-0E42-432D-BC68-4CEE800063AE}.Win7 Release|x86.ActiveCfg = Release|x86
		{FB667272-0E42-432D-BC68-4CEE800063AE}.Win7 Release|x86.Build.0 = Release|x86
		{930F8C6C-4D71-41E8-B069-5C28A9A3AD1B}.Debug|x64.ActiveCfg = Debug|x64
		{930F8C6C-4D71-41E8-B069-5C28A9A3AD1B}.Debug|x64.Build.0 = Debug|x64
		{930F8C6C-4D71-41E8-B069-5C28A9A3AD1B}.Debug|x86.ActiveCfg = Debug|x86
		{930F8C6C-4D71-41E8-B069-5C28A9A3AD1B}.Debug|x86.Build.0 = Debug|x86
		{930F8C6C-4D71-41E8-B069-5C28A9A3AD1B}.Release|x64.ActiveCfg = Release|x64
		{930F8C6C-4D71-41E8-B069-5C28A9A3AD1B}.Release|x64.Build.0 = Release|x64
		{930F8C6C-4D71-41E8-B069-5C28A9A3AD1B}.Release|x86.ActiveCfg = Release|x86
		{930F8C6C-4D71-41E8-B069-5C28A9A3AD1B}.Release|x86.Build.0 = Release|x86
		{930F8C6C-4D71-41E8-B069-5C28A9A3AD1B}.Win7 Debug|x64.ActiveCfg = Debug|x64
		{930F8C6C-4D71-41E8-B069-5C28A9A3AD1B}.Win7 Debug|x64.Build.0 = Debug|x64
		{930F8C6C-4D71-41E8-B069-5C28A9A3AD1B}.Win7 Debug|x86.ActiveCfg = Debug|x86
		{930F8C6C-4D71-41E8-B069-5C28A9A3AD1B}.Win7 Debug|x86.Build.0 = Debug|x86
		{930F8C6C-4D71-41E8-B069-5C28A9A3AD1B}.Win7 Release|x64.ActiveCfg = Release|x64
		{930F8C6C-4D71-41E8-B069-5C28A9A3AD1B}.Win7 Release|x64.Build.0 = Release|x64
		{930F8C6C-4D71-41E8-B069-5C28A9A3AD1B}.Win7 Release|x86.ActiveCfg = Release|x86
		{930F8C6C-4D71-41E8-B069-5C28A9A3AD1B}.Win7 Release|x86.Build.0 = Release|x86
		{1533DE44-7513-4931-BBC8-912359DDFFB8}.Debug|x64.ActiveCfg = Debug|x64
		{1533DE44-7513-4931-BBC8-912359DDFFB8}.Debug|x64.Build.0 = Debug|x64
		{1533DE44-7513-4931-BBC8-912359DDFFB8}.Debug|x86.ActiveCfg = Debug|x86
		{1533DE44-7513-4931-BBC8-912359DDFFB8}.Debug|x86.Build.0 = Debug|x86
		{1533DE44-7513-4931-BBC8-912359DDFFB8}.Release|x64.ActiveCfg = Release|x64
		{1533DE44-7513-4931-BBC8-912359DDFFB8}.Release|x64.Build.0 = Release|x64
		{1533DE44-7513-4931-BBC8-912359DDFFB8}.Release|x86.ActiveCfg = Release|x86
		{1533DE44-7513-4931-BBC8-912359DDFFB8}.Release|x86.Build.0 = Release|x86
		{1533DE44-7513-4931-BBC8-912359DDFFB8}.Win7 Debug|x64.ActiveCfg = Debug|x64
		{1533DE44-7513-4931-BBC8-912359DDFFB8}.Win7 Debug|x64.Build.0 = Debug|x64
		{1533DE44-7513-4931-BBC8-912359DDFFB8}.Win7 Debug|x86.ActiveCfg = Debug|x86
		{1533DE44-7513-4931-BBC8-912359DDFFB8}.Win7 Debug|x86.Build.0 = Debug|x86
		{1533DE44-7513-4931-BBC8-912359DDFFB8}.Win7 Release|x64.ActiveCfg = Release|x64
		{1533DE44-7513-4931-BBC8-912359DDFFB8}.Win7 Release|x64.Build.0 = Release|x64
		{1533DE44-7513-4931-BBC8-912359DDFFB8}.Win7 Release|x86.ActiveCfg = Release|x86
		{1533DE44-7513-4931-BBC8-912359DDFFB8}.Win7 Release|x86.Build.0 = Release|x86
		{DDA5335C-7B64-459A-96DB-914FEF9A5613}.Debug|x64.ActiveCfg = Debug|x64
		{DDA5335C-7B64-459A-96DB-914FEF9A5613}.Debug|x64.Build.0 = Debug|x64
		{DDA5335C-7B64-459A-96DB-914FEF9A5613}.Debug|x86.ActiveCfg = Debug|x86
		{DDA5335C-7B64-459A-96DB-914FEF9A5613}.Debug|x86.Build.0 = Debug|x86
		{DDA5335C-7B64-459A-96DB-914FEF9A5613}.Release|x64.ActiveCfg = Release|x64
		{DDA5335C-7B64-459A-96DB-914FEF9A5613}.Release|x64.Build.0 = Release|x64
		{DDA5335C-7B64-459A-96DB-914FEF9A5613}.Release|x86.ActiveCfg = Release|x86
		{DDA5335C-7B64-459A-96DB-914FEF9A5613}.Release|x86.Build.0 = Release|x86
		{DDA5335C-7B64-459A-96DB-914FEF9A5613}.Win7 Debug|x64.ActiveCfg = Debug|x64
		{DDA5335C-7B64-459A-96DB-914FEF9A5613}.Win7 Debug|x64.Build.0 = Debug|x64
		{DDA5335C-7B64-459A-96DB-914FEF9A5613}.Win7 Debug|x86.ActiveCfg = Debug|x86
		{DDA5335C-7B64-459A-96DB-914FEF9A5613}.Win7 Debug|x86.Build.0 = Debug|x86
		{DDA5335C-7B64-459A-96DB-914FEF9A5613}.Win7 Release|x64.ActiveCfg = Release|x64
		{DDA5335C-7B64-459A-96DB-914FEF9A5613}.Win7 Release|x64.Build.0 = Release|x64
		{DDA5335C-7B64-459A-96DB-914FEF9A5613}.Win7 Release|x86.ActiveCfg = Release|x86
		{DDA5335C-7B64-459A-96DB-914FEF9A5613}.Win7 Release|x86.Build.0 = Release|x86
		{F6A34347-F9DE-4D5D-A5EE-A5F00C265E4D}.Debug|x64.ActiveCfg = Debug|x64
		{F6A34347-F9DE-4D5D-A5EE-A5F00C265E4D}.Debug|x64.Build.0 = Debug|x64
		{F6A34347-F9DE-4D5D-A5EE-A5F00C265E4D}.Debug|x86.ActiveCfg = Debug|x86
		{F6A34347-F9DE-4D5D-A5EE-A5F00C265E4D}.Debug|x86.Build.0 = Debug|x86
		{F6A34347-F9DE-4D5D-A5EE-A5F00C265E4D}.Release|x64.ActiveCfg = Release|x64
		{F6A34347-F9DE-4D5D-A5EE-A5F00C265E4D}.Release|x64.Build.0 = Release|x64
		{F6A34347-F9DE-4D5D-A5EE-A5F00C265E4D}.Release|x86.ActiveCfg = Release|x86
		{F6A34347-F9DE-4D5D-A5EE-A5F00C265E4D}.Release|x86.Build.0 = Release|x86
		{F6A34347-F9DE-4D5D-A5EE-A5F00C265E4D}.Win7 Debug|x64.ActiveCfg = Debug|x64
		{F6A34347-F9DE-4D5D-A5EE-A5F00C265E4D}.Win7 Debug|x64.Build.0 = Debug|x64
		{F6A34347-F9DE-4D5D-A5EE-A5F00C265E4D}.Win7 Debug|x86.ActiveCfg = Debug|x86
		{F6A34347-F9DE-4D5D-A5EE-A5F00C265E4D}.Win7 Debug|x86.Build.0 = Debug|x86
		{F6A34347-F9DE-4D5D-A5EE-A5F00C265E4D}.Win7 Release|x64.ActiveCfg = Release|x64
		{F6A34347-F9DE-4D5D-A5EE-A5F00C265E4D}.Win7 Release|x64.Build.0 = Release|x64
		{F6A34347-F9DE-4D5D-A5EE-A5F00C265E4D}.Win7 Release|x86.ActiveCfg = Release|x86
		{F6A34347-F9DE-4D5D-A5EE-A5F00C265E4D}.Win7 Release|x86.Build.0 = Release|x86
		{B726FB71-D295-41EE-9644-B2B0B1BC8911}.Debug|x64.ActiveCfg = Debug|x64
		{B726FB71-D295-41EE-9644-B2B0B1BC8911}.Debug|x64.Build.0 = Debug|x64
		{B726FB71-D295-41EE-9644-B2B0B1BC8911}.Debug|x86.ActiveCfg = Debug|x86
		{B726FB71-D295-41EE-9644-B2B0B1BC8911}.Debug|x86.Build.0 = Debug|x86
		{B726FB71-D295-41EE-9644-B2B0B1BC8911}.Release|x64.ActiveCfg = Release|x64
		{B726FB71-D295-41EE-9644-B2B0B1BC8911}.Release|x64.Build.0 = Release|x64
		{B726FB71-D295-41EE-9644-B2B0B1BC8911}.Release|x86.ActiveCfg = Release|x86
		{B726FB71-D295-41EE-9644-B2B0B1BC8911}.Release|x86.Build.0 = Release|x86
		{B726FB71-D295-41EE-9644-B2B0B1BC8911}.Win7 Debug|x64.ActiveCfg = Debug|x64
		{B726FB71-D295-41EE-9644-B2B0B1BC8911}.Win7 Debug|x64.Build.0 = Debug|x64
		{B726FB71-D295-41EE-9644-B2B0B1BC8911}.Win7 Debug|x86.ActiveCfg = Debug|x86
		{B726FB71-D295-41EE-9644-B2B0B1BC8911}.Win7 Debug|x86.Build.0 = Debug|x86
		{B726FB71-D295-41EE-9644-B2B0B1BC8911}.Win7 Release|x64.ActiveCfg = Release|x64
		{B726FB71-D295-41EE-9644-B2B0B1BC8911}.Win7 Release|x64.Build.0 = Release|x64
		{B726FB71-D295-41EE-9644-B2B0B1BC8911}.Win7 Release|x86.ActiveCfg = Release|x86
		{B726FB71-D295-41EE-9644-B2B0B1BC8911}.Win7 Release|x86.Build.0 = Release|x86
		{794B8E17-068E-4006-B9A3-CA73F31355F1}.Debug|x64.ActiveCfg = Debug|x64
		{794B8E17-068E-4006-B9A3-CA73F31355F1}.Debug|x64.Build.0 = Debug|x64
		{794B8E17-068E-4006-B9A3-CA73F31355F1}.Debug|x86.ActiveCfg = Debug|x86
		{794B8E17-068E-4006-B9A3-CA73F31355F1}.Debug|x86.Build.0 = Debug|x86
		{794B8E17-068E-4006-B9A3-CA73F31355F1}.Release|x64.ActiveCfg = Release|x64
		{794B8E17-068E-4006-B9A3-CA73F31355F1}.Release|x64.Build.0 = Release|x64
		{794B8E17-068E-4006-B9A3-CA73F31355F1}.Release|x86.ActiveCfg = Release|x86
		{794B8E17-068E-4006-B9A3-CA73F31355F1}.Release|x86.Build.0 = Release|x86
		{794B8E17-068E-4006-B9A3-CA73F31355F1}.Win7 Debug|x64.ActiveCfg = Debug|x64
		{794B8E17-068E-4006-B9A3-CA73F31355F1}.Win7 Debug|x64.Build.0 = Debug|x64
		{794B8E17-068E-4006-B9A3-CA73F31355F1}.Win7 Debug|x86.ActiveCfg = Debug|x86
		{794B8E17-068E-4006-B9A3-CA73F31355F1}.Win7 Debug|x86.Build.0 = Debug|x86
		{794B8E17-068E-4006-B9A3-CA73F31355F1}.Win7 Release|x64.ActiveCfg = Release|x64
		{794B8E17-068E-4006-B9A3-CA73F31355F1}.Win7 Release|x64.Build.0 = Release|x64
		{794B8E17-068E-4006-B9A3-CA73F31355F1}.Win7 Release|x86.ActiveCfg = Release|x86
		{794B8E17-068E-4006-B9A3-CA73F31355F1}.Win7 Release|x86.Build.0 = Release|x86
		{ECF3E546-675F-4B50-860E-276BB5CAB4C9}.Debug|x64.ActiveCfg = Debug|x64
		{ECF3E546-675F-4B50-860E-276BB5CAB4C9}.Debug|x64.Build.0 = Debug|x64
		{ECF3E546-675F-4B50-860E-276BB5CAB4C9}.Debug|x86.ActiveCfg = Debug|x86
		{ECF3E546-675F-4B50-860E-276BB5CAB4C9}.Debug|x86.Build.0 = Debug|x86
		{ECF3E546-675F-4B50-860E-276BB5CAB4C9}.Release|x64.ActiveCfg = Release|x64
		{ECF3E546-675F-4B50-860E-276BB5CAB4C9}.Release|x64.Build.0 = Release|x64
		{ECF3E546-675F-4B50-860E-276BB5CAB4C9}.Release|x86.ActiveCfg = Release|x86
		{ECF3E546-675F-4B50-860E-276BB5CAB4C9}.Release|x86.Build.0 = Release|x86
		{ECF3E546-675F-4B50-860E-276BB5CAB4C9}.Win7 Debug|x64.ActiveCfg = Debug|x64
		{ECF3E546-675F-4B50-860E-276BB5CAB4C9}.Win7 Debug|x64.Build.0 = Debug|x64
		{ECF3E546-675F-4B50-860E-276BB5CAB4C9}.Win7 Debug|x86.ActiveCfg = Debug|x86
		{ECF3E546-675F-4B50-860E-276BB5CAB4C9}.Win7 Debug|x86.Build.0 = Debug|x86
		{ECF3E546-675F-4B50-860E-276BB5CAB4C9}.Win7 Release|x64.ActiveCfg = Release|x64
		{ECF3E546-675F-4B50-860E-276BB5CAB4C9}.Win7 Release|x64.Build.0 = Release|x64
		{ECF3E546-675F-4B50-860E-276BB5CAB4C9}.Win7 Release|x86.ActiveCfg = Release|x86
		{ECF3E546-675F-4B50-860E-276BB5CAB4C9}.Win7 Release|x86.Build.0 = Release|x86
		{8D61E0B3-91CD-4E11-A508-0359CE26272F}.Debug|x64.ActiveCfg = Debug|x64
		{8D61E0B3-91CD-4E11-A508-0359CE26272F}.Debug|x64.Build.0 = Debug|x64
		{8D61E0B3-91CD-4E11-A508-0359CE26272F}.Debug|x86.ActiveCfg = Debug|x86
		{8D61E0B3-91CD-4E11-A508-0359CE26272F}.Debug|x86.Build.0 = Debug|x86
		{8D61E0B3-91CD-4E11-A508-0359CE26272F}.Release|x64.ActiveCfg = Release|x64
		{8D61E0B3-91CD-4E11-A508-0359CE26272F}.Release|x64.Build.0 = Release|x64
		{8D61E0B3-91CD-4E11-A508-0359CE26272F}.Release|x86.ActiveCfg = Release|x86
		{8D61E0B3-91CD-4E11-A508-0359CE26272F}.Release|x86.Build.0 = Release|x86
		{8D61E0B3-91CD-4E11-A508-0359CE26272F}.Win7 Debug|x64.ActiveCfg = Debug|x64
		{8D61E0B3-91CD-4E11-A508-0359CE26272F}.Win7 Debug|x64.Build.0 = Debug|x64
		{8D61E0B3-91CD-4E11-A508-0359CE26272F}.Win7 Debug|x86.ActiveCfg = Debug|x86
		{8D61E0B3-91CD-4E11-A508-0359CE26272F}.Win7 Debug|x86.Build.0 = Debug|x86
		{8D61E0B3-91CD-4E11-A508-0359CE26272F}.Win7 Release|x64.ActiveCfg = Release|x64
		{8D61E0B3-91CD-4E11-A508-0359CE26272F}.Win7 Release|x64.Build.0 = Release|x64
		{8D61E0B3-91CD-4E11-A508-0359CE26272F}.Win7 Release|x86.ActiveCfg = Release|x86
		{8D61E0B3-91CD-4E11-A508-0359CE26272F}.Win7 Release|x86.Build.0 = Release|x86
		{83E73595-BD89-411C-8DB4-483741080157}.Debug|x64.ActiveCfg = Debug|x64
		{83E73595-BD89-411C-8DB4-483741080157}.Debug|x64.Build.0 = Debug|x64
		{83E73595-BD89-411C-8DB4-483741080157}.Debug|x86.ActiveCfg = Debug|x86
		{83E73595-BD89-411C-8DB4-483741080157}.Debug|x86.Build.0 = Debug|x86
		{83E73595-BD89-411C-8DB4-483741080157}.Release|x64.ActiveCfg = Release|x64
		{83E73595-BD89-411C-8DB4-483741080157}.Release|x64.Build.0 = Release|x64
		{83E73595-BD89-411C-8DB4-483741080157}.Release|x86.ActiveCfg = Release|x86
		{83E73595-BD89-411C-8DB4-483741080157}.Release|x86.Build.0 = Release|x86
		{83E73595-BD89-411C-8DB4-483741080157}.Win7 Debug|x64.ActiveCfg = Debug|x64
		{83E73595-BD89-411C-8DB4-483741080157}.Win7 Debug|x64.Build.0 = Debug|x64
		{83E73595-BD89-411C-8DB4-483741080157}.Win7 Debug|x86.ActiveCfg = Debug|x86
		{83E73595-BD89-411C-8DB4-483741080157}.Win7 Debug|x86.Build.0 = Debug|x86
		{83E73595-BD89-411C-8DB4-483741080157}.Win7 Release|x64.ActiveCfg = Release|x64
		{83E73595-BD89-411C-8DB4-483741080157}.Win7 Release|x64.Build.0 = Release|x64
		{83E73595-BD89-411C-8DB4-483741080157}.Win7 Release|x86.ActiveCfg = Release|x86
		{83E73595-BD89-411C-8DB4-483741080157}.Win7 Release|x86.Build.0 = Release|x86
		{B1CA2978-7141-41F4-987E-B8DED5E47097}.Debug|x64.ActiveCfg = Debug|x64
		{B1CA2978-7141-41F4-987E-B8DED5E47097}.Debug|x64.Build.0 = Debug|x64
		{B1CA2978-7141-41F4-987E-B8DED5E47097}.Debug|x86.ActiveCfg = Debug|x86
		{B1CA2978-7141-41F4-987E-B8DED5E47097}.Debug|x86.Build.0 = Debug|x86
		{B1CA2978-7141-41F4-987E-B8DED5E47097}.Release|x64.ActiveCfg = Release|x64
		{B1CA2978-7141-41F4-987E-B8DED5E47097}.Release|x64.Build.0 = Release|x64
		{B1CA2978-7141-41F4-987E-B8DED5E47097}.Release|x86.ActiveCfg = Release|x86
		{B1CA2978-7141-41F4-987E-B8DED5E47097}.Release|x86.Build.0 = Release|x86
		{B1CA2978-7141-41F4-987E-B8DED5E47097}.Win7 Debug|x64.ActiveCfg = Debug|x64
		{B1CA2978-7141-41F4-987E-B8DED5E47097}.Win7 Debug|x64.Build.0 = Debug|x64
		{B1CA2978-7141-41F4-987E-B8DED5E47097}.Win7 Debug|x86.ActiveCfg = Debug|x86
		{B1CA2978-7141-41F4-987E-B8DED5E47097}.Win7 Debug|x86.Build.0 = Debug|x86
		{B1CA2978-7141-41F4-987E-B8DED5E47097}.Win7 Release|x64.ActiveCfg = Release|x64
		{B1CA2978-7141-41F4-987E-B8DED5E47097}.Win7 Release|x64.Build.0 = Release|x64
		{B1CA2978-7141-41F4-987E-B8DED5E47097}.Win7 Release|x86.ActiveCfg = Release|x86
		{B1CA2978-7141-41F4-987E-B8DED5E47097}.Win7 Release|x86.Build.0 = Release|x86
		{BC38125E-42D5-4AB3-BDAE-394298E2DAF1}.Debug|x64.ActiveCfg = Debug|x64
		{BC38125E-42D5-4AB3-BDAE-394298E2DAF1}.Debug|x64.Build.0 = Debug|x64
		{BC38125E-42D5-4AB3-BDAE-394298E2DAF1}.Debug|x86.ActiveCfg = Debug|x86
		{BC38125E-42D5-4AB3-BDAE-394298E2DAF1}.Debug|x86.Build.0 = Debug|x86
		{BC38125E-42D5-4AB3-BDAE-394298E2DAF1}.Release|x64.ActiveCfg = Release|x64
		{BC38125E-42D5-4AB3-BDAE-394298E2DAF1}.Release|x64.Build.0 = Release|x64
		{BC38125E-42D5-4AB3-BDAE-394298E2DAF1}.Release|x86.ActiveCfg = Release|x86
		{BC38125E-42D5-4AB3-BDAE-394298E2DAF1}.Release|x86.Build.0 = Release|x86
		{BC38125E-42D5-4AB3-BDAE-394298E2DAF1}.Win7 Debug|x64.ActiveCfg = Debug|x64
		{BC38125E-42D5-4AB3-BDAE-394298E2DAF1}.Win7 Debug|x64.Build.0 = Debug|x64
		{BC38125E-42D5-4AB3-BDAE-394298E2DAF1}.Win7 Debug|x86.ActiveCfg = Debug|x86
		{BC38125E-42D5-4AB3-BDAE-394298E2DAF1}.Win7 Debug|x86.Build.0 = Debug|x86
		{BC38125E-42D5-4AB3-BDAE-394298E2DAF1}.Win7 Release|x64.ActiveCfg = Release|x64
		{BC38125E-42D5-4AB3-BDAE-394298E2DAF1}.Win7 Release|x64.Build.0 = Release|x64
		{BC38125E-42D5-4AB3-BDAE-394298E2DAF1}.Win7 Release|x86.ActiveCfg = Release|x86
		{BC38125E-42D5-4AB3-BDAE-394298E2DAF1}.Win7 Release|x86.Build.0 = Release|x86
		{D849116E-FBF1-4E04-AF6E-563475DCF13E}.Debug|x64.ActiveCfg = Debug|x64
		{D849116E-FBF1-4E04-AF6E-563475DCF13E}.Debug|x64.Build.0 = Debug|x64
		{D849116E-FBF1-4E04-AF6E-563475DCF13E}.Debug|x86.ActiveCfg = Debug|x86
		{D849116E-FBF1-4E04-AF6E-563475DCF13E}.Debug|x86.Build.0 = Debug|x86
		{D849116E-FBF1-4E04-AF6E-563475DCF13E}.Release|x64.ActiveCfg = Release|x64
		{D849116E-FBF1-4E04-AF6E-563475DCF13E}.Release|x64.Build.0 = Release|x64
		{D849116E-FBF1-4E04-AF6E-563475DCF13E}.Release|x86.ActiveCfg = Release|x86
		{D849116E-FBF1-4E04-AF6E-563475DCF13E}.Release|x86.Build.0 = Release|x86
		{D849116E-FBF1-4E04-AF6E-563475DCF13E}.Win7 Debug|x64.ActiveCfg = Debug|x64
		{D849116E-FBF1-4E04-AF6E-563475DCF13E}.Win7 Debug|x64.Build.0 = Debug|x64
		{D849116E-FBF1-4E04-AF6E-563475DCF13E}.Win7 Debug|x86.ActiveCfg = Debug|x86
		{D849116E-FBF1-4E04-AF6E-563475DCF13E}.Win7 Debug|x86.Build.0 = Debug|x86
		{D849116E-FBF1-4E04-AF6E-563475DCF13E}.Win7 Release|x64.ActiveCfg = Release|x64
		{D849116E-FBF1-4E04-AF6E-563475DCF13E}.Win7 Release|x64.Build.0 = Release|x64
		{D849116E-FBF1-4E04-AF6E-563475DCF13E}.Win7 Release|x86.ActiveCfg = Release|x86
		{D849116E-FBF1-4E04-AF6E-563475DCF13E}.Win7 Release|x86.Build.0 = Release|x86
		{A75A255A-82A0-489C-9793-C22293307C5E}.Debug|x64.ActiveCfg = Debug|x64
		{A75A255A-82A0-489C-9793-C22293307C5E}.Debug|x64.Build.0 = Debug|x64
		{A75A255A-82A0-489C-9793-C22293307C5E}.Debug|x86.ActiveCfg = Debug|x86
		{A75A255A-82A0-489C-9793-C22293307C5E}.Debug|x86.Build.0 = Debug|x86
		{A75A255A-82A0-489C-9793-C22293307C5E}.Release|x64.ActiveCfg = Release|x64
		{A75A255A-82A0-489C-9793-C22293307C5E}.Release|x64.Build.0 = Release|x64
		{A75A255A-82A0-489C-9793-C22293307C5E}.Release|x86.ActiveCfg = Release|x86
		{A75A255A-82A0-489C-9793-C22293307C5E}.Release|x86.Build.0 = Release|x86
		{A75A255A-82A0-489C-9793-C22293307C5E}.Win7 Debug|x64.ActiveCfg = Debug|x64
		{A75A255A-82A0-489C-9793-C22293307C5E}.Win7 Debug|x64.Build.0 = Debug|x64
		{A75A255A-82A0-489C-9793-C22293307C5E}.Win7 Debug|x86.ActiveCfg = Debug|x86
		{A75A255A-82A0-489C-9793-C22293307C5E}.Win7 Debug|x86.Build.0 = Debug|x86
		{A75A255A-82A0-489C-9793-C22293307C5E}.Win7 Release|x64.ActiveCfg = Release|x64
		{A75A255A-82A0-489C-9793-C22293307C5E}.Win7 Release|x64.Build.0 = Release|x64
		{A75A255A-82A0-489C-9793-C22293307C5E}.Win7 Release|x86.ActiveCfg = Release|x86
		{A75A255A-82A0-489C-9793-C22293307C5E}.Win7 Release|x86.Build.0 = Release|x86
		{A5561101-82FF-4CAF-BDCF-F7CB484F0D88}.Debug|x64.ActiveCfg = Debug|x64
		{A5561101-82FF-4CAF-BDCF-F7CB484F0D88}.Debug|x64.Build.0 = Debug|x64
		{A5561101-82FF-4CAF-BDCF-F7CB484F0D88}.Debug|x86.ActiveCfg = Debug|x86
		{A5561101-82FF-4CAF-BDCF-F7CB484F0D88}.Debug|x86.Build.0 = Debug|x86
		{A5561101-82FF-4CAF-BDCF-F7CB484F0D88}.Release|x64.ActiveCfg = Release|x64
		{A5561101-82FF-4CAF-BDCF-F7CB484F0D88}.Release|x64.Build.0 = Release|x64
		{A5561101-82FF-4CAF-BDCF-F7CB484F0D88}.Release|x86.ActiveCfg = Release|x86
		{A5561101-82FF-4CAF-BDCF-F7CB484F0D88}.Release|x86.Build.0 = Release|x86
		{A5561101-82FF-4CAF-BDCF-F7CB484F0D88}.Win7 Debug|x64.ActiveCfg = Debug|x64
		{A5561101-82FF-4CAF-BDCF-F7CB484F0D88}.Win7 Debug|x64.Build.0 = Debug|x64
		{A5561101-82FF-4CAF-BDCF-F7CB484F0D88}.Win7 Debug|x86.ActiveCfg = Debug|x86
		{A5561101-82FF-4CAF-BDCF-F7CB484F0D88}.Win7 Debug|x86.Build.0 = Debug|x86
		{A5561101-82FF-4CAF-BDCF-F7CB484F0D88}.Win7 Release|x64.ActiveCfg = Release|x64
		{A5561101-82FF-4CAF-BDCF-F7CB484F0D88}.Win7 Release|x64.Build.0 = Release|x64
		{A5561101-82FF-4CAF-BDCF-F7CB484F0D88}.Win7 Release|x86.ActiveCfg = Release|x86
		{A5561101-82FF-4CAF-BDCF-F7CB484F0D88}.Win7 Release|x86.Build.0 = Release|x86
		{49C06ADE-B629-4A02-A01E-4091A9D0492D}.Debug|x64.ActiveCfg = Debug|x64
		{49C06ADE-B629-4A02-A01E-4091A9D0492D}.Debug|x64.Build.0 = Debug|x64
		{49C06ADE-B629-4A02-A01E-4091A9D0492D}.Debug|x86.ActiveCfg = Debug|x86
		{49C06ADE-B629-4A02-A01E-4091A9D0492D}.Debug|x86.Build.0 = Debug|x86
		{49C06ADE-B629-4A02-A01E-4091A9D0492D}.Release|x64.ActiveCfg = Release|x64
		{49C06ADE-B629-4A02-A01E-4091A9D0492D}.Release|x64.Build.0 = Release|x64
		{49C06ADE-B629-4A02-A01E-4091A9D0492D}.Release|x86.ActiveCfg = Release|x86
		{49C06ADE-B629-4A02-A01E-4091A9D0492D}.Release|x86.Build.0 = Release|x86
		{49C06ADE-B629-4A02-A01E-4091A9D0492D}.Win7 Debug|x64.ActiveCfg = Debug|x64
		{49C06ADE-B629-4A02-A01E-4091A9D0492D}.Win7 Debug|x64.Build.0 = Debug|x64
		{49C06ADE-B629-4A02-A01E-4091A9D0492D}.Win7 Debug|x86.ActiveCfg = Debug|x86
		{49C06ADE-B629-4A02-A01E-4091A9D0492D}.Win7 Debug|x86.Build.0 = Debug|x86
		{49C06ADE-B629-4A02-A01E-4091A9D0492D}.Win7 Release|x64.ActiveCfg = Release|x64
		{49C06ADE-B629-4A02-A01E-4091A9D0492D}.Win7 Release|x64.Build.0 = Release|x64
		{49C06ADE-B629-4A02-A01E-4091A9D0492D}.Win7 Release|x86.ActiveCfg = Release|x86
		{49C06ADE-B629-4A02-A01E-4091A9D0492D}.Win7 Release|x86.Build.0 = Release|x86
		{F5FBF2C0-40AE-4248-B084-34E7A07BE79F}.Debug|x64.ActiveCfg = Debug|x64
		{F5FBF2C0-40AE-4248-B084-34E7A07BE79F}.Debug|x64.Build.0 = Debug|x64
		{F5FBF2C0-40AE-4248-B084-34E7A07BE79F}.Debug|x86.ActiveCfg = Debug|x86
		{F5FBF2C0-40AE-4248-B084-34E7A07BE79F}.Debug|x86.Build.0 = Debug|x86
		{F5FBF2C0-40AE-4248-B084-34E7A07BE79F}.Release|x64.ActiveCfg = Release|x64
		{F5FBF2C0-40AE-4248-B084-34E7A07BE79F}.Release|x64.Build.0 = Release|x64
		{F5FBF2C0-40AE-4248-B084-34E7A07BE79F}.Release|x86.ActiveCfg = Release|x86
		{F5FBF2C0-40AE-4248-B084-34E7A07BE79F}.Release|x86.Build.0 = Release|x86
		{F5FBF2C0-40AE-4248-B084-34E7A07BE79F}.Win7 Debug|x64.ActiveCfg = Debug|x64
		{F5FBF2C0-40AE-4248-B084-34E7A07BE79F}.Win7 Debug|x64.Build.0 = Debug|x64
		{F5FBF2C0-40AE-4248-B084-34E7A07BE79F}.Win7 Debug|x86.ActiveCfg = Debug|x86
		{F5FBF2C0-40AE-4248-B084-34E7A07BE79F}.Win7 Debug|x86.Build.0 = Debug|x86
		{F5FBF2C0-40AE-4248-B084-34E7A07BE79F}.Win7 Release|x64.ActiveCfg = Release|x64
		{F5FBF2C0-40AE-4248-B084-34E7A07BE79F}.Win7 Release|x64.Build.0 = Release|x64
		{F5FBF2C0-40AE-4248-B084-34E7A07BE79F}.Win7 Release|x86.ActiveCfg = Release|x86
		{F5FBF2C0-40AE-4248-B084-34E7A07BE79F}.Win7 Release|x86.Build.0 = Release|x86
		{AE41CDC3-A88B-426F-BD02-5661CE24BF89}.Debug|x64.ActiveCfg = Debug|x64
		{AE41CDC3-A88B-426F-BD02-5661CE24BF89}.Debug|x64.Build.0 = Debug|x64
		{AE41CDC3-A88B-426F-BD02-5661CE24BF89}.Debug|x86.ActiveCfg = Debug|x86
		{AE41CDC3-A88B-426F-BD02-5661CE24BF89}.Debug|x86.Build.0 = Debug|x86
		{AE41CDC3-A88B-426F-BD02-5661CE24BF89}.Release|x64.ActiveCfg = Release|x64
		{AE41CDC3-A88B-426F-BD02-5661CE24BF89}.Release|x64.Build.0 = Release|x64
		{AE41CDC3-A88B-426F-BD02-5661CE24BF89}.Release|x86.ActiveCfg = Release|x86
		{AE41CDC3-A88B-426F-BD02-5661CE24BF89}.Release|x86.Build.0 = Release|x86
		{AE41CDC3-A88B-426F-BD02-5661CE24BF89}.Win7 Debug|x64.ActiveCfg = Debug|x64
		{AE41CDC3-A88B-426F-BD02-5661CE24BF89}.Win7 Debug|x64.Build.0 = Debug|x64
		{AE41CDC3-A88B-426F-BD02-5661CE24BF89}.Win7 Debug|x86.ActiveCfg = Debug|x86
		{AE41CDC3-A88B-426F-BD02-5661CE24BF89}.Win7 Debug|x86.Build.0 = Debug|x86
		{AE41CDC3-A88B-426F-BD02-5661CE24BF89}.Win7 Release|x64.ActiveCfg = Release|x64
		{AE41CDC3-A88B-426F-BD02-5661CE24BF89}.Win7 Release|x64.Build.0 = Release|x64
		{AE41CDC3-A88B-426F-BD02-5661CE24BF89}.Win7 Release|x86.ActiveCfg = Release|x86
		{AE41CDC3-A88B-426F-BD02-5661CE24BF89}.Win7 Release|x86.Build.0 = Release|x86
		{FF72DA99-5F8E-46B6-82A3-E917B240347D}.Debug|x64.ActiveCfg = Debug|x64
		{FF72DA99-5F8E-46B6-82A3-E917B240347D}.Debug|x64.Build.0 = Debug|x64
		{FF72DA99-5F8E-46B6-82A3-E917B240347D}.Debug|x86.ActiveCfg = Debug|x86
		{FF72DA99-5F8E-46B6-82A3-E917B240347D}.Debug|x86.Build.0 = Debug|x86
		{FF72DA99-5F8E-46B6-82A3-E917B240347D}.Release|x64.ActiveCfg = Release|x64
		{FF72DA99-5F8E-46B6-82A3-E917B240347D}.Release|x64.Build.0 = Release|x64
		{FF72DA99-5F8E-46B6-82A3-E917B240347D}.Release|x86.ActiveCfg = Release|x86
		{FF72DA99-5F8E-46B6-82A3-E917B240347D}.Release|x86.Build.0 = Release|x86
		{FF72DA99-5F8E-46B6-82A3-E917B240347D}.Win7 Debug|x64.ActiveCfg = Debug|x64
		{FF72DA99-5F8E-46B6-82A3-E917B240347D}.Win7 Debug|x64.Build.0 = Debug|x64
		{FF72DA99-5F8E-46B6-82A3-E917B240347D}.Win7 Debug|x86.ActiveCfg = Debug|x86
		{FF72DA99-5F8E-46B6-82A3-E917B240347D}.Win7 Debug|x86.Build.0 = Debug|x86
		{FF72DA99-5F8E-46B6-82A3-E917B240347D}.Win7 Release|x64.ActiveCfg = Release|x64
		{FF72DA99-5F8E-46B6-82A3-E917B240347D}.Win7 Release|x64.Build.0 = Release|x64
		{FF72DA99-5F8E-46B6-82A3-E917B240347D}.Win7 Release|x86.ActiveCfg = Release|x86
		{FF72DA99-5F8E-46B6-82A3-E917B240347D}.Win7 Release|x86.Build.0 = Release|x86
		{98EF3A0B-F745-460F-8B9D-87EFC2DD0B34}.Debug|x64.ActiveCfg = Debug|x64
		{98EF3A0B-F745-460F-8B9D-87EFC2DD0B34}.Debug|x64.Build.0 = Debug|x64
		{98EF3A0B-F745-460F-8B9D-87EFC2DD0B34}.Debug|x86.ActiveCfg = Debug|x86
		{98EF3A0B-F745-460F-8B9D-87EFC2DD0B34}.Debug|x86.Build.0 = Debug|x86
		{98EF3A0B-F745-460F-8B9D-87EFC2DD0B34}.Release|x64.ActiveCfg = Release|x64
		{98EF3A0B-F745-460F-8B9D-87EFC2DD0B34}.Release|x64.Build.0 = Release|x64
		{98EF3A0B-F745-460F-8B9D-87EFC2DD0B34}.Release|x86.ActiveCfg = Release|x86
		{98EF3A0B-F745-460F-8B9D-87EFC2DD0B34}.Release|x86.Build.0 = Release|x86
		{98EF3A0B-F745-460F-8B9D-87EFC2DD0B34}.Win7 Debug|x64.ActiveCfg = Debug|x64
		{98EF3A0B-F745-460F-8B9D-87EFC2DD0B34}.Win7 Debug|x64.Build.0 = Debug|x64
		{98EF3A0B-F745-460F-8B9D-87EFC2DD0B34}.Win7 Debug|x86.ActiveCfg = Debug|x86
		{98EF3A0B-F745-460F-8B9D-87EFC2DD0B34}.Win7 Debug|x86.Build.0 = Debug|x86
		{98EF3A0B-F745-460F-8B9D-87EFC2DD0B34}.Win7 Release|x64.ActiveCfg = Release|x64
		{98EF3A0B-F745-460F-8B9D-87EFC2DD0B34}.Win7 Release|x64.Build.0 = Release|x64
		{98EF3A0B-F745-460F-8B9D-87EFC2DD0B34}.Win7 Release|x86.ActiveCfg = Release|x86
		{98EF3A0B-F745-460F-8B9D-87EFC2DD0B34}.Win7 Release|x86.Build.0 = Release|x86
		{978AAFD6-5C49-4D7A-9DAE-543E921E470E}.Debug|x64.ActiveCfg = Debug|x64
		{978AAFD6-5C49-4D7A-9DAE-543E921E470E}.Debug|x64.Build.0 = Debug|x64
		{978AAFD6-5C49-4D7A-9DAE-543E921E470E}.Debug|x86.ActiveCfg = Debug|x86
		{978AAFD6-5C49-4D7A-9DAE-543E921E470E}.Debug|x86.Build.0 = Debug|x86
		{978AAFD6-5C49-4D7A-9DAE-543E921E470E}.Release|x64.ActiveCfg = Release|x64
		{978AAFD6-5C49-4D7A-9DAE-543E921E470E}.Release|x64.Build.0 = Release|x64
		{978AAFD6-5C49-4D7A-9DAE-543E921E470E}.Release|x86.ActiveCfg = Release|x86
		{978AAFD6-5C49-4D7A-9DAE-543E921E470E}.Release|x86.Build.0 = Release|x86
		{978AAFD6-5C49-4D7A-9DAE-543E921E470E}.Win7 Debug|x64.ActiveCfg = Debug|x64
		{978AAFD6-5C49-4D7A-9DAE-543E921E470E}.Win7 Debug|x64.Build.0 = Debug|x64
		{978AAFD6-5C49-4D7A-9DAE-543E921E470E}.Win7 Debug|x86.ActiveCfg = Debug|x86
		{978AAFD6-5C49-4D7A-9DAE-543E921E470E}.Win7 Debug|x86.Build.0 = Debug|x86
		{978AAFD6-5C49-4D7A-9DAE-543E921E470E}.Win7 Release|x64.ActiveCfg = Release|x64
		{978AAFD6-5C49-4D7A-9DAE-543E921E470E}.Win7 Release|x64.Build.0 = Release|x64
		{978AAFD6-5C49-4D7A-9DAE-543E921E470E}.Win7 Release|x86.ActiveCfg = Release|x86
		{978AAFD6-5C49-4D7A-9DAE-543E921E470E}.Win7 Release|x86.Build.0 = Release|x86
		{68EBB1DC-71ED-4891-9EAC-93D26116E073}.Debug|x64.ActiveCfg = Debug|x64
		{68EBB1DC-71ED-4891-9EAC-93D26116E073}.Debug|x64.Build.0 = Debug|x64
		{68EBB1DC-71ED-4891-9EAC-93D26116E073}.Debug|x86.ActiveCfg = Debug|x86
		{68EBB1DC-71ED-4891-9EAC-93D26116E073}.Debug|x86.Build.0 = Debug|x86
		{68EBB1DC-71ED-4891-9EAC-93D26116E073}.Release|x64.ActiveCfg = Release|x64
		{68EBB1DC-71ED-4891-9EAC-93D26116E073}.Release|x64.Build.0 = Release|x64
		{68EBB1DC-71ED-4891-9EAC-93D26116E073}.Release|x86.ActiveCfg = Release|x86
		{68EBB1DC-71ED-4891-9EAC-93D26116E073}.Release|x86.Build.0 = Release|x86
		{68EBB1DC-71ED-4891-9EAC-93D26116E073}.Win7 Debug|x64.ActiveCfg = Debug|x64
		{68EBB1DC-71ED-4891-9EAC-93D26116E073}.Win7 Debug|x64.Build.0 = Debug|x64
		{68EBB1DC-71ED-4891-9EAC-93D26116E073}.Win7 Debug|x86.ActiveCfg = Debug|x86
		{68EBB1DC-71ED-4891-9EAC-93D26116E073}.Win7 Debug|x86.Build.0 = Debug|x86
		{68EBB1DC-71ED-4891-9EAC-93D26116E073}.Win7 Release|x64.ActiveCfg = Release|x64
		{68EBB1DC-71ED-4891-9EAC-93D26116E073}.Win7 Release|x64.Build.0 = Release|x64
		{68EBB1DC-71ED-4891-9EAC-93D26116E073}.Win7 Release|x86.ActiveCfg = Release|x86
		{68EBB1DC-71ED-4891-9EAC-93D26116E073}.Win7 Release|x86.Build.0 = Release|x86
		{A6C50429-BA33-406D-B251-110BCBF5ED6F}.Debug|x64.ActiveCfg = Debug|x64
		{A6C50429-BA33-406D-B251-110BCBF5ED6F}.Debug|x64.Build.0 = Debug|x64
		{A6C50429-BA33-406D-B251-110BCBF5ED6F}.Debug|x86.ActiveCfg = Debug|x86
		{A6C50429-BA33-406D-B251-110BCBF5ED6F}.Debug|x86.Build.0 = Debug|x86
		{A6C50429-BA33-406D-B251-110BCBF5ED6F}.Release|x64.ActiveCfg = Release|x64
		{A6C50429-BA33-406D-B251-110BCBF5ED6F}.Release|x64.Build.0 = Release|x64
		{A6C50429-BA33-406D-B251-110BCBF5ED6F}.Release|x86.ActiveCfg = Release|x86
		{A6C50429-BA33-406D-B251-110BCBF5ED6F}.Release|x86.Build.0 = Release|x86
		{A6C50429-BA33-406D-B251-110BCBF5ED6F}.Win7 Debug|x64.ActiveCfg = Debug|x64
		{A6C50429-BA33-406D-B251-110BCBF5ED6F}.Win7 Debug|x64.Build.0 = Debug|x64
		{A6C50429-BA33-406D-B251-110BCBF5ED6F}.Win7 Debug|x86.ActiveCfg = Debug|x86
		{A6C50429-BA33-406D-B251-110BCBF5ED6F}.Win7 Debug|x86.Build.0 = Debug|x86
		{A6C50429-BA33-406D-B251-110BCBF5ED6F}.Win7 Release|x64.ActiveCfg = Release|x64
		{A6C50429-BA33-406D-B251-110BCBF5ED6F}.Win7 Release|x64.Build.0 = Release|x64
		{A6C50429-BA33-406D-B251-110BCBF5ED6F}.Win7 Release|x86.ActiveCfg = Release|x86
		{A6C50429-BA33-406D-B251-110BCBF5ED6F}.Win7 Release|x86.Build.0 = Release|x86
		{1A1EABB2-E40F-44ED-90DF-96CA0BAF17F6}.Debug|x64.ActiveCfg = Debug|x64
		{1A1EABB2-E40F-44ED-90DF-96CA0BAF17F6}.Debug|x64.Build.0 = Debug|x64
		{1A1EABB2-E40F-44ED-90DF-96CA0BAF17F6}.Debug|x86.ActiveCfg = Debug|x86
		{1A1EABB2-E40F-44ED-90DF-96CA0BAF17F6}.Debug|x86.Build.0 = Debug|x86
		{1A1EABB2-E40F-44ED-90DF-96CA0BAF17F6}.Release|x64.ActiveCfg = Release|x64
		{1A1EABB2-E40F-44ED-90DF-96CA0BAF17F6}.Release|x64.Build.0 = Release|x64
		{1A1EABB2-E40F-44ED-90DF-96CA0BAF17F6}.Release|x86.ActiveCfg = Release|x86
		{1A1EABB2-E40F-44ED-90DF-96CA0BAF17F6}.Release|x86.Build.0 = Release|x86
		{1A1EABB2-E40F-44ED-90DF-96CA0BAF17F6}.Win7 Debug|x64.ActiveCfg = Debug|x64
		{1A1EABB2-E40F-44ED-90DF-96CA0BAF17F6}.Win7 Debug|x64.Build.0 = Debug|x64
		{1A1EABB2-E40F-44ED-90DF-96CA0BAF17F6}.Win7 Debug|x86.ActiveCfg = Debug|x86
		{1A1EABB2-E40F-44ED-90DF-96CA0BAF17F6}.Win7 Debug|x86.Build.0 = Debug|x86
		{1A1EABB2-E40F-44ED-90DF-96CA0BAF17F6}.Win7 Release|x64.ActiveCfg = Release|x64
		{1A1EABB2-E40F-44ED-90DF-96CA0BAF17F6}.Win7 Release|x64.Build.0 = Release|x64
		{1A1EABB2-E40F-44ED-90DF-96CA0BAF17F6}.Win7 Release|x86.ActiveCfg = Release|x86
		{1A1EABB2-E40F-44ED-90DF-96CA0BAF17F6}.Win7 Release|x86.Build.0 = Release|x86
		{FAFE4488-9ABA-4EE3-B4CE-7C7292155E98}.Debug|x64.ActiveCfg = Debug|x64
		{FAFE4488-9ABA-4EE3-B4CE-7C7292155E98}.Debug|x64.Build.0 = Debug|x64
		{FAFE4488-9ABA-4EE3-B4CE-7C7292155E98}.Debug|x86.ActiveCfg = Debug|x86
		{FAFE4488-9ABA-4EE3-B4CE-7C7292155E98}.Debug|x86.Build.0 = Debug|x86
		{FAFE4488-9ABA-4EE3-B4CE-7C7292155E98}.Release|x64.ActiveCfg = Release|x64
		{FAFE4488-9ABA-4EE3-B4CE-7C7292155E98}.Release|x64.Build.0 = Release|x64
		{FAFE4488-9ABA-4EE3-B4CE-7C7292155E98}.Release|x86.ActiveCfg = Release|x86
		{FAFE4488-9ABA-4EE3-B4CE-7C7292155E98}.Release|x86.Build.0 = Release|x86
		{FAFE4488-9ABA-4EE3-B4CE-7C7292155E98}.Win7 Debug|x64.ActiveCfg = Debug|x64
		{FAFE4488-9ABA-4EE3-B4CE-7C7292155E98}.Win7 Debug|x64.Build.0 = Debug|x64
		{FAFE4488-9ABA-4EE3-B4CE-7C7292155E98}.Win7 Debug|x86.ActiveCfg = Debug|x86
		{FAFE4488-9ABA-4EE3-B4CE-7C7292155E98}.Win7 Debug|x86.Build.0 = Debug|x86
		{FAFE4488-9ABA-4EE3-B4CE-7C7292155E98}.Win7 Release|x64.ActiveCfg = Release|x64
		{FAFE4488-9ABA-4EE3-B4CE-7C7292155E98}.Win7 Release|x64.Build.0 = Release|x64
		{FAFE4488-9ABA-4EE3-B4CE-7C7292155E98}.Win7 Release|x86.ActiveCfg = Release|x86
		{FAFE4488-9ABA-4EE3-B4CE-7C7292155E98}.Win7 Release|x86.Build.0 = Release|x86
		{A2AB4C57-1D67-4DE9-80C9-03486EEBC7C0}.Debug|x64.ActiveCfg = Debug|x64
		{A2AB4C57-1D67-4DE9-80C9-03486EEBC7C0}.Debug|x64.Build.0 = Debug|x64
		{A2AB4C57-1D67-4DE9-80C9-03486EEBC7C0}.Debug|x86.ActiveCfg = Debug|x86
		{A2AB4C57-1D67-4DE9-80C9-03486EEBC7C0}.Debug|x86.Build.0 = Debug|x86
		{A2AB4C57-1D67-4DE9-80C9-03486EEBC7C0}.Release|x64.ActiveCfg = Release|x64
		{A2AB4C57-1D67-4DE9-80C9-03486EEBC7C0}.Release|x64.Build.0 = Release|x64
		{A2AB4C57-1D67-4DE9-80C9-03486EEBC7C0}.Release|x86.ActiveCfg = Release|x86
		{A2AB4C57-1D67-4DE9-80C9-03486EEBC7C0}.Release|x86.Build.0 = Release|x86
		{A2AB4C57-1D67-4DE9-80C9-03486EEBC7C0}.Win7 Debug|x64.ActiveCfg = Debug|x64
		{A2AB4C57-1D67-4DE9-80C9-03486EEBC7C0}.Win7 Debug|x64.Build.0 = Debug|x64
		{A2AB4C57-1D67-4DE9-80C9-03486EEBC7C0}.Win7 Debug|x86.ActiveCfg = Debug|x86
		{A2AB4C57-1D67-4DE9-80C9-03486EEBC7C0}.Win7 Debug|x86.Build.0 = Debug|x86
		{A2AB4C57-1D67-4DE9-80C9-03486EEBC7C0}.Win7 Release|x64.ActiveCfg = Release|x64
		{A2AB4C57-1D67-4DE9-80C9-03486EEBC7C0}.Win7 Release|x64.Build.0 = Release|x64
		{A2AB4C57-1D67-4DE9-80C9-03486EEBC7C0}.Win7 Release|x86.ActiveCfg = Release|x86
		{A2AB4C57-1D67-4DE9-80C9-03486EEBC7C0}.Win7 Release|x86.Build.0 = Release|x86
		{6A5D57F6-261E-40FD-9F7A-54AC0E7009F4}.Debug|x64.ActiveCfg = Debug|x64
		{6A5D57F6-261E-40FD-9F7A-54AC0E7009F4}.Debug|x64.Build.0 = Debug|x64
		{6A5D57F6-261E-40FD-9F7A-54AC0E7009F4}.Debug|x86.ActiveCfg = Debug|x86
		{6A5D57F6-261E-40FD-9F7A-54AC0E7009F4}.Debug|x86.Build.0 = Debug|x86
		{6A5D57F6-261E-40FD-9F7A-54AC0E7009F4}.Release|x64.ActiveCfg = Release|x64
		{6A5D57F6-261E-40FD-9F7A-54AC0E7009F4}.Release|x64.Build.0 = Release|x64
		{6A5D57F6-261E-40FD-9F7A-54AC0E7009F4}.Release|x86.ActiveCfg = Release|x86
		{6A5D57F6-261E-40FD-9F7A-54AC0E7009F4}.Release|x86.Build.0 = Release|x86
		{6A5D57F6-261E-40FD-9F7A-54AC0E7009F4}.Win7 Debug|x64.ActiveCfg = Debug|x64
		{6A5D57F6-261E-40FD-9F7A-54AC0E7009F4}.Win7 Debug|x64.Build.0 = Debug|x64
		{6A5D57F6-261E-40FD-9F7A-54AC0E7009F4}.Win7 Debug|x86.ActiveCfg = Debug|x86
		{6A5D57F6-261E-40FD-9F7A-54AC0E7009F4}.Win7 Debug|x86.Build.0 = Debug|x86
		{6A5D57F6-261E-40FD-9F7A-54AC0E7009F4}.Win7 Release|x64.ActiveCfg = Release|x64
		{6A5D57F6-261E-40FD-9F7A-54AC0E7009F4}.Win7 Release|x64.Build.0 = Release|x64
		{6A5D57F6-261E-40FD-9F7A-54AC0E7009F4}.Win7 Release|x86.ActiveCfg = Release|x86
		{6A5D57F6-261E-40FD-9F7A-54AC0E7009F4}.Win7 Release|x86.Build.0 = Release|x86
		{CD5C8A46-3B13-4E68-8885-774398D3DE90}.Debug|x64.ActiveCfg = Debug|x64
		{CD5C8A46-3B13-4E68-8885-774398D3DE90}.Debug|x64.Build.0 = Debug|x64
		{CD5C8A46-3B13-4E68-8885-774398D3DE90}.Debug|x86.ActiveCfg = Debug|x86
		{CD5C8A46-3B13-4E68-8885-774398D3DE90}.Debug|x86.Build.0 = Debug|x86
		{CD5C8A46-3B13-4E68-8885-774398D3DE90}.Release|x64.ActiveCfg = Release|x64
		{CD5C8A46-3B13-4E68-8885-774398D3DE90}.Release|x64.Build.0 = Release|x64
		{CD5C8A46-3B13-4E68-8885-774398D3DE90}.Release|x86.ActiveCfg = Release|x86
		{CD5C8A46-3B13-4E68-8885-774398D3DE90}.Release|x86.Build.0 = Release|x86
		{CD5C8A46-3B13-4E68-8885-774398D3DE90}.Win7 Debug|x64.ActiveCfg = Debug|x64
		{CD5C8A46-3B13-4E68-8885-774398D3DE90}.Win7 Debug|x64.Build.0 = Debug|x64
		{CD5C8A46-3B13-4E68-8885-774398D3DE90}.Win7 Debug|x86.ActiveCfg = Debug|x86
		{CD5C8A46-3B13-4E68-8885-774398D3DE90}.Win7 Debug|x86.Build.0 = Debug|x86
		{CD5C8A46-3B13-4E68-8885-774398D3DE90}.Win7 Release|x64.ActiveCfg = Release|x64
		{CD5C8A46-3B13-4E68-8885-774398D3DE90}.Win7 Release|x64.Build.0 = Release|x64
		{CD5C8A46-3B13-4E68-8885-774398D3DE90}.Win7 Release|x86.ActiveCfg = Release|x86
		{CD5C8A46-3B13-4E68-8885-774398D3DE90}.Win7 Release|x86.Build.0 = Release|x86
		{3F189EF6-7F5A-4DA3-AE1F-4634CBFC5ED9}.Debug|x64.ActiveCfg = Debug|x64
		{3F189EF6-7F5A-4DA3-AE1F-4634CBFC5ED9}.Debug|x64.Build.0 = Debug|x64
		{3F189EF6-7F5A-4DA3-AE1F-4634CBFC5ED9}.Debug|x86.ActiveCfg = Debug|x86
		{3F189EF6-7F5A-4DA3-AE1F-4634CBFC5ED9}.Debug|x86.Build.0 = Debug|x86
		{3F189EF6-7F5A-4DA3-AE1F-4634CBFC5ED9}.Release|x64.ActiveCfg = Release|x64
		{3F189EF6-7F5A-4DA3-AE1F-4634CBFC5ED9}.Release|x64.Build.0 = Release|x64
		{3F189EF6-7F5A-4DA3-AE1F-4634CBFC5ED9}.Release|x86.ActiveCfg = Release|x86
		{3F189EF6-7F5A-4DA3-AE1F-4634CBFC5ED9}.Release|x86.Build.0 = Release|x86
		{3F189EF6-7F5A-4DA3-AE1F-4634CBFC5ED9}.Win7 Debug|x64.ActiveCfg = Debug|x64
		{3F189EF6-7F5A-4DA3-AE1F-4634CBFC5ED9}.Win7 Debug|x64.Build.0 = Debug|x64
		{3F189EF6-7F5A-4DA3-AE1F-4634CBFC5ED9}.Win7 Debug|x86.ActiveCfg = Debug|x86
		{3F189EF6-7F5A-4DA3-AE1F-4634CBFC5ED9}.Win7 Debug|x86.Build.0 = Debug|x86
		{3F189EF6-7F5A-4DA3-AE1F-4634CBFC5ED9}.Win7 Release|x64.ActiveCfg = Release|x64
		{3F189EF6-7F5A-4DA3-AE1F-4634CBFC5ED9}.Win7 Release|x64.Build.0 = Release|x64
		{3F189EF6-7F5A-4DA3-AE1F-4634CBFC5ED9}.Win7 Release|x86.ActiveCfg = Release|x86
		{3F189EF6-7F5A-4DA3-AE1F-4634CBFC5ED9}.Win7 Release|x86.Build.0 = Release|x86
		{3DCB5452-3336-458D-A84E-1FB8AEB76EBF}.Debug|x64.ActiveCfg = Debug|x64
		{3DCB5452-3336-458D-A84E-1FB8AEB76EBF}.Debug|x64.Build.0 = Debug|x64
		{3DCB5452-3336-458D-A84E-1FB8AEB76EBF}.Debug|x86.ActiveCfg = Debug|x86
		{3DCB5452-3336-458D-A84E-1FB8AEB76EBF}.Debug|x86.Build.0 = Debug|x86
		{3DCB5452-3336-458D-A84E-1FB8AEB76EBF}.Release|x64.ActiveCfg = Release|x64
		{3DCB5452-3336-458D-A84E-1FB8AEB76EBF}.Release|x64.Build.0 = Release|x64
		{3DCB5452-3336-458D-A84E-1FB8AEB76EBF}.Release|x86.ActiveCfg = Release|x86
		{3DCB5452-3336-458D-A84E-1FB8AEB76EBF}.Release|x86.Build.0 = Release|x86
		{3DCB5452-3336-458D-A84E-1FB8AEB76EBF}.Win7 Debug|x64.ActiveCfg = Debug|x64
		{3DCB5452-3336-458D-A84E-1FB8AEB76EBF}.Win7 Debug|x64.Build.0 = Debug|x64
		{3DCB5452-3336-458D-A84E-1FB8AEB76EBF}.Win7 Debug|x86.ActiveCfg = Debug|x86
		{3DCB5452-3336-458D-A84E-1FB8AEB76EBF}.Win7 Debug|x86.Build.0 = Debug|x86
		{3DCB5452-3336-458D-A84E-1FB8AEB76EBF}.Win7 Release|x64.ActiveCfg = Release|x64
		{3DCB5452-3336-458D-A84E-1FB8AEB76EBF}.Win7 Release|x64.Build.0 = Release|x64
		{3DCB5452-3336-458D-A84E-1FB8AEB76EBF}.Win7 Release|x86.ActiveCfg = Release|x86
		{3DCB5452-3336-458D-A84E-1FB8AEB76EBF}.Win7 Release|x86.Build.0 = Release|x86
	EndGlobalSection
	GlobalSection(SolutionProperties) = preSolution
		HideSolutionNode = FALSE
	EndGlobalSection
	GlobalSection(NestedProjects) = preSolution
		{FD2EF0DD-7DB0-41D2-8914-6DC90C1ECBA1} = {19570575-2F42-4818-A632-193E0A78E576}
		{37FC8F36-24C1-4383-BAC2-8C32B31E158D} = {19570575-2F42-4818-A632-193E0A78E576}
		{1533DE44-7513-4931-BBC8-912359DDFFB8} = {19570575-2F42-4818-A632-193E0A78E576}
		{DDA5335C-7B64-459A-96DB-914FEF9A5613} = {19570575-2F42-4818-A632-193E0A78E576}
		{F6A34347-F9DE-4D5D-A5EE-A5F00C265E4D} = {19570575-2F42-4818-A632-193E0A78E576}
		{B726FB71-D295-41EE-9644-B2B0B1BC8911} = {19570575-2F42-4818-A632-193E0A78E576}
		{8D61E0B3-91CD-4E11-A508-0359CE26272F} = {19570575-2F42-4818-A632-193E0A78E576}
		{83E73595-BD89-411C-8DB4-483741080157} = {19570575-2F42-4818-A632-193E0A78E576}
		{D849116E-FBF1-4E04-AF6E-563475DCF13E} = {19570575-2F42-4818-A632-193E0A78E576}
		{AE41CDC3-A88B-426F-BD02-5661CE24BF89} = {19570575-2F42-4818-A632-193E0A78E576}
		{978AAFD6-5C49-4D7A-9DAE-543E921E470E} = {19570575-2F42-4818-A632-193E0A78E576}
		{68EBB1DC-71ED-4891-9EAC-93D26116E073} = {19570575-2F42-4818-A632-193E0A78E576}
		{FAFE4488-9ABA-4EE3-B4CE-7C7292155E98} = {19570575-2F42-4818-A632-193E0A78E576}
		{A2AB4C57-1D67-4DE9-80C9-03486EEBC7C0} = {19570575-2F42-4818-A632-193E0A78E576}
		{6A5D57F6-261E-40FD-9F7A-54AC0E7009F4} = {19570575-2F42-4818-A632-193E0A78E576}
		{3F189EF6-7F5A-4DA3-AE1F-4634CBFC5ED9} = {19570575-2F42-4818-A632-193E0A78E576}
		{3DCB5452-3336-458D-A84E-1FB8AEB76EBF} = {19570575-2F42-4818-A632-193E0A78E576}
		{CE1B3FB1-A613-491D-B19A-D72C1B23DAFA} = {A3884A02-01A0-4089-AA83-11B78D3C8233}
		{3C2D2CFD-07B4-43BB-A17A-CF741784A93D} = {A3884A02-01A0-4089-AA83-11B78D3C8233}
		{77E96A25-7C3C-4802-A094-5ADC20A72663} = {A3884A02-01A0-4089-AA83-11B78D3C8233}
		{CD002057-9CD5-4318-B355-B01901F6E801} = {A3884A02-01A0-4089-AA83-11B78D3C8233}
		{FB667272-0E42-432D-BC68-4CEE800063AE} = {A3884A02-01A0-4089-AA83-11B78D3C8233}
		{930F8C6C-4D71-41E8-B069-5C28A9A3AD1B} = {A3884A02-01A0-4089-AA83-11B78D3C8233}
		{ECF3E546-675F-4B50-860E-276BB5CAB4C9} = {A3884A02-01A0-4089-AA83-11B78D3C8233}
		{B1CA2978-7141-41F4-987E-B8DED5E47097} = {A3884A02-01A0-4089-AA83-11B78D3C8233}
		{BC38125E-42D5-4AB3-BDAE-394298E2DAF1} = {A3884A02-01A0-4089-AA83-11B78D3C8233}
		{A75A255A-82A0-489C-9793-C22293307C5E} = {A3884A02-01A0-4089-AA83-11B78D3C8233}
		{A5561101-82FF-4CAF-BDCF-F7CB484F0D88} = {A3884A02-01A0-4089-AA83-11B78D3C8233}
		{F5FBF2C0-40AE-4248-B084-34E7A07BE79F} = {A3884A02-01A0-4089-AA83-11B78D3C8233}
		{1A1EABB2-E40F-44ED-90DF-96CA0BAF17F6} = {A3884A02-01A0-4089-AA83-11B78D3C8233}
		{892CBE15-9ED7-4540-81FA-0EAABA592138} = {842A1989-E58D-403C-BFA4-B38BC9C45E9A}
		{794B8E17-068E-4006-B9A3-CA73F31355F1} = {842A1989-E58D-403C-BFA4-B38BC9C45E9A}
		{49C06ADE-B629-4A02-A01E-4091A9D0492D} = {842A1989-E58D-403C-BFA4-B38BC9C45E9A}
		{FF72DA99-5F8E-46B6-82A3-E917B240347D} = {842A1989-E58D-403C-BFA4-B38BC9C45E9A}
		{98EF3A0B-F745-460F-8B9D-87EFC2DD0B34} = {842A1989-E58D-403C-BFA4-B38BC9C45E9A}
		{A6C50429-BA33-406D-B251-110BCBF5ED6F} = {842A1989-E58D-403C-BFA4-B38BC9C45E9A}
		{CD5C8A46-3B13-4E68-8885-774398D3DE90} = {842A1989-E58D-403C-BFA4-B38BC9C45E9A}
		{32EE9373-A350-42AC-972B-41B2EDABA082} = {DD837AD7-3DE5-4E49-9924-3D73590CCCF3}
	EndGlobalSection
	GlobalSection(DPCodeReviewSolutionGUID) = preSolution
		DPCodeReviewSolutionGUID = {00000000-0000-0000-0000-000000000000}
	EndGlobalSection
EndGlobal
