
Microsoft Visual Studio Solution File, Format Version 12.00
# Visual Studio 15
VisualStudioVersion = 15.0.27004.2008
MinimumVisualStudioVersion = 10.0.40219.1
Project("{FAE04EC0-301F-11D3-BF4B-00C04F79EFBC}") = "CIMParser", "CIMParser\CIMParser.csproj", "{3C03A41C-BE4C-40A8-97D5-5DBAC0C34102}"
EndProject
Project("{FAE04EC0-301F-11D3-BF4B-00C04F79EFBC}") = "CIMProfileCreator", "CIMProfileCreator\CIMProfileCreator.csproj", "{05FA2F21-D4DE-4F42-8D8F-AC79993394F6}"
EndProject
Project("{FAE04EC0-301F-11D3-BF4B-00C04F79EFBC}") = "ModelLabsApp", "ModelLabsApp\ModelLabsApp.csproj", "{3DD11384-2CC1-4EE9-9F4A-02B6FE8759C0}"
	ProjectSection(ProjectDependencies) = postProject
		{3C03A41C-BE4C-40A8-97D5-5DBAC0C34102} = {3C03A41C-BE4C-40A8-97D5-5DBAC0C34102}
	EndProjectSection
EndProject
Project("{FAE04EC0-301F-11D3-BF4B-00C04F79EFBC}") = "CIMAdapter", "CIMAdapter\CIMAdapter.csproj", "{F680D34F-C148-4314-8914-B2DF3E7B17AF}"
EndProject
Project("{2150E333-8FDC-42A3-9474-1A3956D46DE8}") = "ServiceContracts", "ServiceContracts", "{7C00CB4E-E03D-4B3A-889D-D2B59C3E4438}"
EndProject
Project("{FAE04EC0-301F-11D3-BF4B-00C04F79EFBC}") = "NetworkModelGDAContract", "ServiceContracts\NetworkModelQueryContract\NetworkModelGDAContract.csproj", "{B726FB71-D295-41EE-9644-B2B0B1BC8911}"
EndProject
Project("{2150E333-8FDC-42A3-9474-1A3956D46DE8}") = "Common", "Common", "{D4414E5B-A380-4CBE-9103-BC7588260976}"
EndProject
Project("{FAE04EC0-301F-11D3-BF4B-00C04F79EFBC}") = "Common", "Common\Common.csproj", "{892CBE15-9ED7-4540-81FA-0EAABA592138}"
EndProject
Project("{2150E333-8FDC-42A3-9474-1A3956D46DE8}") = "NetworkModelService", "NetworkModelService", "{ABC630A2-50D2-4DF5-B4FF-C6E1FABE530E}"
EndProject
Project("{FAE04EC0-301F-11D3-BF4B-00C04F79EFBC}") = "NetworkModelService", "NetworkModelService\NetworkModelService.csproj", "{2630D180-1B68-4E84-AEAC-42EE8C88B50F}"
EndProject
Project("{FAE04EC0-301F-11D3-BF4B-00C04F79EFBC}") = "DataModel", "NetworkModelService\DataModel\DataModel.csproj", "{ADE96497-7C11-40B6-AE82-57F956C9F104}"
EndProject
Project("{FAE04EC0-301F-11D3-BF4B-00C04F79EFBC}") = "NetworkModelServiceSelfHost", "NetworkModelService\ServiceHost\NetworkModelServiceSelfHost\NetworkModelServiceSelfHost.csproj", "{E112FFCC-BD88-4056-99E1-0991A0E82588}"
EndProject
Project("{2150E333-8FDC-42A3-9474-1A3956D46DE8}") = "Resources", "Resources", "{5E14723F-C004-4850-AF0C-076E3DB5C0E5}"
	ProjectSection(SolutionItems) = preProject
		Resources\Project36Data.xml = Resources\Project36Data.xml
		Resources\Project36Profile.legacy-rdfs = Resources\Project36Profile.legacy-rdfs
	EndProjectSection
EndProject
Project("{2150E333-8FDC-42A3-9474-1A3956D46DE8}") = "Diagrams", "Diagrams", "{D8D4EB3D-B28D-404C-B37B-319B5A3328A2}"
	ProjectSection(SolutionItems) = preProject
		Diagrams\Diagram.jpg = Diagrams\Diagram.jpg
		Diagrams\Diagram_ClassTypes.jpg = Diagrams\Diagram_ClassTypes.jpg
		Diagrams\Diagram_ClassTypes_New.jpg = Diagrams\Diagram_ClassTypes_New.jpg
		Diagrams\Diagram_Dependency.jpg = Diagrams\Diagram_Dependency.jpg
		Diagrams\Diagram_Dependency_New.jpg = Diagrams\Diagram_Dependency_New.jpg
		Diagrams\Diagram_New.jpg = Diagrams\Diagram_New.jpg
	EndProjectSection
EndProject
Project("{FAE04EC0-301F-11D3-BF4B-00C04F79EFBC}") = "GDAClient", "GDAClient\GDAClient.csproj", "{FEC4ACEC-6E08-45E8-A4DB-1D977E06AEAA}"
	ProjectSection(ProjectDependencies) = postProject
		{892CBE15-9ED7-4540-81FA-0EAABA592138} = {892CBE15-9ED7-4540-81FA-0EAABA592138}
		{B726FB71-D295-41EE-9644-B2B0B1BC8911} = {B726FB71-D295-41EE-9644-B2B0B1BC8911}
	EndProjectSection
EndProject
Global
	GlobalSection(SolutionConfigurationPlatforms) = preSolution
		Debug|Any CPU = Debug|Any CPU
		Debug|x64 = Debug|x64
		Debug|x86 = Debug|x86
		Release|Any CPU = Release|Any CPU
		Release|x64 = Release|x64
		Release|x86 = Release|x86
	EndGlobalSection
	GlobalSection(ProjectConfigurationPlatforms) = postSolution
		{3C03A41C-BE4C-40A8-97D5-5DBAC0C34102}.Debug|Any CPU.ActiveCfg = Debug|x86
		{3C03A41C-BE4C-40A8-97D5-5DBAC0C34102}.Debug|x64.ActiveCfg = Debug|x86
		{3C03A41C-BE4C-40A8-97D5-5DBAC0C34102}.Debug|x64.Build.0 = Debug|x86
		{3C03A41C-BE4C-40A8-97D5-5DBAC0C34102}.Debug|x86.ActiveCfg = Debug|x86
		{3C03A41C-BE4C-40A8-97D5-5DBAC0C34102}.Debug|x86.Build.0 = Debug|x86
		{3C03A41C-BE4C-40A8-97D5-5DBAC0C34102}.Release|Any CPU.ActiveCfg = Release|x86
		{3C03A41C-BE4C-40A8-97D5-5DBAC0C34102}.Release|x64.ActiveCfg = Release|x64
		{3C03A41C-BE4C-40A8-97D5-5DBAC0C34102}.Release|x64.Build.0 = Release|x64
		{3C03A41C-BE4C-40A8-97D5-5DBAC0C34102}.Release|x86.ActiveCfg = Release|x86
		{3C03A41C-BE4C-40A8-97D5-5DBAC0C34102}.Release|x86.Build.0 = Release|x86
		{05FA2F21-D4DE-4F42-8D8F-AC79993394F6}.Debug|Any CPU.ActiveCfg = Debug|x86
		{05FA2F21-D4DE-4F42-8D8F-AC79993394F6}.Debug|x64.ActiveCfg = Debug|x86
		{05FA2F21-D4DE-4F42-8D8F-AC79993394F6}.Debug|x64.Build.0 = Debug|x86
		{05FA2F21-D4DE-4F42-8D8F-AC79993394F6}.Debug|x86.ActiveCfg = Debug|x86
		{05FA2F21-D4DE-4F42-8D8F-AC79993394F6}.Debug|x86.Build.0 = Debug|x86
		{05FA2F21-D4DE-4F42-8D8F-AC79993394F6}.Release|Any CPU.ActiveCfg = Release|x86
		{05FA2F21-D4DE-4F42-8D8F-AC79993394F6}.Release|x64.ActiveCfg = Release|x64
		{05FA2F21-D4DE-4F42-8D8F-AC79993394F6}.Release|x64.Build.0 = Release|x64
		{05FA2F21-D4DE-4F42-8D8F-AC79993394F6}.Release|x86.ActiveCfg = Release|x86
		{05FA2F21-D4DE-4F42-8D8F-AC79993394F6}.Release|x86.Build.0 = Release|x86
		{3DD11384-2CC1-4EE9-9F4A-02B6FE8759C0}.Debug|Any CPU.ActiveCfg = Debug|x86
		{3DD11384-2CC1-4EE9-9F4A-02B6FE8759C0}.Debug|x64.ActiveCfg = Debug|x64
		{3DD11384-2CC1-4EE9-9F4A-02B6FE8759C0}.Debug|x64.Build.0 = Debug|x64
		{3DD11384-2CC1-4EE9-9F4A-02B6FE8759C0}.Debug|x86.ActiveCfg = Debug|x86
		{3DD11384-2CC1-4EE9-9F4A-02B6FE8759C0}.Debug|x86.Build.0 = Debug|x86
		{3DD11384-2CC1-4EE9-9F4A-02B6FE8759C0}.Release|Any CPU.ActiveCfg = Release|x86
		{3DD11384-2CC1-4EE9-9F4A-02B6FE8759C0}.Release|x64.ActiveCfg = Release|x64
		{3DD11384-2CC1-4EE9-9F4A-02B6FE8759C0}.Release|x64.Build.0 = Release|x64
		{3DD11384-2CC1-4EE9-9F4A-02B6FE8759C0}.Release|x86.ActiveCfg = Release|x86
		{3DD11384-2CC1-4EE9-9F4A-02B6FE8759C0}.Release|x86.Build.0 = Release|x86
		{F680D34F-C148-4314-8914-B2DF3E7B17AF}.Debug|Any CPU.ActiveCfg = Debug|x86
		{F680D34F-C148-4314-8914-B2DF3E7B17AF}.Debug|x64.ActiveCfg = Debug|x86
		{F680D34F-C148-4314-8914-B2DF3E7B17AF}.Debug|x64.Build.0 = Debug|x86
		{F680D34F-C148-4314-8914-B2DF3E7B17AF}.Debug|x86.ActiveCfg = Debug|x86
		{F680D34F-C148-4314-8914-B2DF3E7B17AF}.Debug|x86.Build.0 = Debug|x86
		{F680D34F-C148-4314-8914-B2DF3E7B17AF}.Release|Any CPU.ActiveCfg = Release|x86
		{F680D34F-C148-4314-8914-B2DF3E7B17AF}.Release|x64.ActiveCfg = Release|x64
		{F680D34F-C148-4314-8914-B2DF3E7B17AF}.Release|x64.Build.0 = Release|x64
		{F680D34F-C148-4314-8914-B2DF3E7B17AF}.Release|x86.ActiveCfg = Release|x86
		{F680D34F-C148-4314-8914-B2DF3E7B17AF}.Release|x86.Build.0 = Release|x86
		{B726FB71-D295-41EE-9644-B2B0B1BC8911}.Debug|Any CPU.ActiveCfg = Debug|x86
		{B726FB71-D295-41EE-9644-B2B0B1BC8911}.Debug|x64.ActiveCfg = Debug|x64
		{B726FB71-D295-41EE-9644-B2B0B1BC8911}.Debug|x64.Build.0 = Debug|x64
		{B726FB71-D295-41EE-9644-B2B0B1BC8911}.Debug|x86.ActiveCfg = Debug|x86
		{B726FB71-D295-41EE-9644-B2B0B1BC8911}.Debug|x86.Build.0 = Debug|x86
		{B726FB71-D295-41EE-9644-B2B0B1BC8911}.Release|Any CPU.ActiveCfg = Release|x86
		{B726FB71-D295-41EE-9644-B2B0B1BC8911}.Release|x64.ActiveCfg = Release|x64
		{B726FB71-D295-41EE-9644-B2B0B1BC8911}.Release|x64.Build.0 = Release|x64
		{B726FB71-D295-41EE-9644-B2B0B1BC8911}.Release|x86.ActiveCfg = Release|x86
		{B726FB71-D295-41EE-9644-B2B0B1BC8911}.Release|x86.Build.0 = Release|x86
		{892CBE15-9ED7-4540-81FA-0EAABA592138}.Debug|Any CPU.ActiveCfg = Debug|x86
		{892CBE15-9ED7-4540-81FA-0EAABA592138}.Debug|x64.ActiveCfg = Debug|x86
		{892CBE15-9ED7-4540-81FA-0EAABA592138}.Debug|x64.Build.0 = Debug|x86
		{892CBE15-9ED7-4540-81FA-0EAABA592138}.Debug|x86.ActiveCfg = Debug|x86
		{892CBE15-9ED7-4540-81FA-0EAABA592138}.Debug|x86.Build.0 = Debug|x86
		{892CBE15-9ED7-4540-81FA-0EAABA592138}.Release|Any CPU.ActiveCfg = Release|x86
		{892CBE15-9ED7-4540-81FA-0EAABA592138}.Release|x64.ActiveCfg = Release|x64
		{892CBE15-9ED7-4540-81FA-0EAABA592138}.Release|x64.Build.0 = Release|x64
		{892CBE15-9ED7-4540-81FA-0EAABA592138}.Release|x86.ActiveCfg = Release|x86
		{892CBE15-9ED7-4540-81FA-0EAABA592138}.Release|x86.Build.0 = Release|x86
		{2630D180-1B68-4E84-AEAC-42EE8C88B50F}.Debug|Any CPU.ActiveCfg = Debug|x86
		{2630D180-1B68-4E84-AEAC-42EE8C88B50F}.Debug|x64.ActiveCfg = Debug|x64
		{2630D180-1B68-4E84-AEAC-42EE8C88B50F}.Debug|x64.Build.0 = Debug|x64
		{2630D180-1B68-4E84-AEAC-42EE8C88B50F}.Debug|x86.ActiveCfg = Debug|x86
		{2630D180-1B68-4E84-AEAC-42EE8C88B50F}.Debug|x86.Build.0 = Debug|x86
		{2630D180-1B68-4E84-AEAC-42EE8C88B50F}.Release|Any CPU.ActiveCfg = Release|x86
		{2630D180-1B68-4E84-AEAC-42EE8C88B50F}.Release|x64.ActiveCfg = Release|x64
		{2630D180-1B68-4E84-AEAC-42EE8C88B50F}.Release|x64.Build.0 = Release|x64
		{2630D180-1B68-4E84-AEAC-42EE8C88B50F}.Release|x86.ActiveCfg = Release|x86
		{2630D180-1B68-4E84-AEAC-42EE8C88B50F}.Release|x86.Build.0 = Release|x86
		{ADE96497-7C11-40B6-AE82-57F956C9F104}.Debug|Any CPU.ActiveCfg = Debug|x86
		{ADE96497-7C11-40B6-AE82-57F956C9F104}.Debug|x64.ActiveCfg = Debug|x86
		{ADE96497-7C11-40B6-AE82-57F956C9F104}.Debug|x64.Build.0 = Debug|x86
		{ADE96497-7C11-40B6-AE82-57F956C9F104}.Debug|x86.ActiveCfg = Debug|x86
		{ADE96497-7C11-40B6-AE82-57F956C9F104}.Debug|x86.Build.0 = Debug|x86
		{ADE96497-7C11-40B6-AE82-57F956C9F104}.Release|Any CPU.ActiveCfg = Release|x86
		{ADE96497-7C11-40B6-AE82-57F956C9F104}.Release|x64.ActiveCfg = Release|x64
		{ADE96497-7C11-40B6-AE82-57F956C9F104}.Release|x64.Build.0 = Release|x64
		{ADE96497-7C11-40B6-AE82-57F956C9F104}.Release|x86.ActiveCfg = Release|x86
		{ADE96497-7C11-40B6-AE82-57F956C9F104}.Release|x86.Build.0 = Release|x86
		{E112FFCC-BD88-4056-99E1-0991A0E82588}.Debug|Any CPU.ActiveCfg = Debug|x86
		{E112FFCC-BD88-4056-99E1-0991A0E82588}.Debug|x64.ActiveCfg = Debug|x64
		{E112FFCC-BD88-4056-99E1-0991A0E82588}.Debug|x64.Build.0 = Debug|x64
		{E112FFCC-BD88-4056-99E1-0991A0E82588}.Debug|x86.ActiveCfg = Debug|x86
		{E112FFCC-BD88-4056-99E1-0991A0E82588}.Debug|x86.Build.0 = Debug|x86
		{E112FFCC-BD88-4056-99E1-0991A0E82588}.Release|Any CPU.ActiveCfg = Release|x86
		{E112FFCC-BD88-4056-99E1-0991A0E82588}.Release|x64.ActiveCfg = Release|x64
		{E112FFCC-BD88-4056-99E1-0991A0E82588}.Release|x64.Build.0 = Release|x64
		{E112FFCC-BD88-4056-99E1-0991A0E82588}.Release|x86.ActiveCfg = Release|x86
		{E112FFCC-BD88-4056-99E1-0991A0E82588}.Release|x86.Build.0 = Release|x86
		{FEC4ACEC-6E08-45E8-A4DB-1D977E06AEAA}.Debug|Any CPU.ActiveCfg = Debug|Any CPU
		{FEC4ACEC-6E08-45E8-A4DB-1D977E06AEAA}.Debug|Any CPU.Build.0 = Debug|Any CPU
		{FEC4ACEC-6E08-45E8-A4DB-1D977E06AEAA}.Debug|x64.ActiveCfg = Debug|x64
		{FEC4ACEC-6E08-45E8-A4DB-1D977E06AEAA}.Debug|x64.Build.0 = Debug|x64
		{FEC4ACEC-6E08-45E8-A4DB-1D977E06AEAA}.Debug|x86.ActiveCfg = Debug|x86
		{FEC4ACEC-6E08-45E8-A4DB-1D977E06AEAA}.Debug|x86.Build.0 = Debug|x86
		{FEC4ACEC-6E08-45E8-A4DB-1D977E06AEAA}.Release|Any CPU.ActiveCfg = Release|Any CPU
		{FEC4ACEC-6E08-45E8-A4DB-1D977E06AEAA}.Release|Any CPU.Build.0 = Release|Any CPU
		{FEC4ACEC-6E08-45E8-A4DB-1D977E06AEAA}.Release|x64.ActiveCfg = Release|Any CPU
		{FEC4ACEC-6E08-45E8-A4DB-1D977E06AEAA}.Release|x64.Build.0 = Release|Any CPU
		{FEC4ACEC-6E08-45E8-A4DB-1D977E06AEAA}.Release|x86.ActiveCfg = Release|Any CPU
		{FEC4ACEC-6E08-45E8-A4DB-1D977E06AEAA}.Release|x86.Build.0 = Release|Any CPU
	EndGlobalSection
	GlobalSection(SolutionProperties) = preSolution
		HideSolutionNode = FALSE
	EndGlobalSection
	GlobalSection(NestedProjects) = preSolution
		{B726FB71-D295-41EE-9644-B2B0B1BC8911} = {7C00CB4E-E03D-4B3A-889D-D2B59C3E4438}
		{892CBE15-9ED7-4540-81FA-0EAABA592138} = {D4414E5B-A380-4CBE-9103-BC7588260976}
		{2630D180-1B68-4E84-AEAC-42EE8C88B50F} = {ABC630A2-50D2-4DF5-B4FF-C6E1FABE530E}
		{ADE96497-7C11-40B6-AE82-57F956C9F104} = {ABC630A2-50D2-4DF5-B4FF-C6E1FABE530E}
		{E112FFCC-BD88-4056-99E1-0991A0E82588} = {ABC630A2-50D2-4DF5-B4FF-C6E1FABE530E}
	EndGlobalSection
	GlobalSection(ExtensibilityGlobals) = postSolution
		SolutionGuid = {5F5A16D5-5B30-4490-B296-C9DAC4FCE461}
	EndGlobalSection
EndGlobal
